
Microsoft Visual Studio Solution File, Format Version 12.00
# Visual Studio 14
VisualStudioVersion = 14.0.25420.1
MinimumVisualStudioVersion = 10.0.40219.1
Project("{FAE04EC0-301F-11D3-BF4B-00C04F79EFBC}") = "LinkUp.Portable", "LinkUp.Portable\LinkUp.Portable.csproj", "{289814D8-DCA6-42DA-BE76-F2F7A2C355A5}"
EndProject
Project("{2150E333-8FDC-42A3-9474-1A3956D46DE8}") = "Testing", "Testing", "{58F76215-8CB3-4F09-990E-845588B451D2}"
EndProject
Project("{FAE04EC0-301F-11D3-BF4B-00C04F79EFBC}") = "LinkUp.Testing.dotnet", "Testing\LinkUp.Testing.dotnet\LinkUp.Testing.dotnet.csproj", "{44F3E4A7-5D2F-4AAE-B6C0-8DD7ACB50D6C}"
EndProject
Global
	GlobalSection(SolutionConfigurationPlatforms) = preSolution
		Debug|Any CPU = Debug|Any CPU
		Release|Any CPU = Release|Any CPU
	EndGlobalSection
	GlobalSection(ProjectConfigurationPlatforms) = postSolution
		{289814D8-DCA6-42DA-BE76-F2F7A2C355A5}.Debug|Any CPU.ActiveCfg = Debug|Any CPU
		{289814D8-DCA6-42DA-BE76-F2F7A2C355A5}.Debug|Any CPU.Build.0 = Debug|Any CPU
		{289814D8-DCA6-42DA-BE76-F2F7A2C355A5}.Release|Any CPU.ActiveCfg = Release|Any CPU
		{289814D8-DCA6-42DA-BE76-F2F7A2C355A5}.Release|Any CPU.Build.0 = Release|Any CPU
		{44F3E4A7-5D2F-4AAE-B6C0-8DD7ACB50D6C}.Debug|Any CPU.ActiveCfg = Debug|Any CPU
		{44F3E4A7-5D2F-4AAE-B6C0-8DD7ACB50D6C}.Debug|Any CPU.Build.0 = Debug|Any CPU
		{44F3E4A7-5D2F-4AAE-B6C0-8DD7ACB50D6C}.Release|Any CPU.ActiveCfg = Release|Any CPU
		{44F3E4A7-5D2F-4AAE-B6C0-8DD7ACB50D6C}.Release|Any CPU.Build.0 = Release|Any CPU
	EndGlobalSection
	GlobalSection(SolutionProperties) = preSolution
		HideSolutionNode = FALSE
	EndGlobalSection
	GlobalSection(NestedProjects) = preSolution
		{44F3E4A7-5D2F-4AAE-B6C0-8DD7ACB50D6C} = {58F76215-8CB3-4F09-990E-845588B451D2}
	EndGlobalSection
EndGlobal
