
Microsoft Visual Studio Solution File, Format Version 12.00
# Visual Studio 14
VisualStudioVersion = 14.0.25420.1
MinimumVisualStudioVersion = 10.0.40219.1
Project("{2150E333-8FDC-42A3-9474-1A3956D46DE8}") = "LinkUp.Arduino", "LinkUp.Arduino", "{4E0ECFF1-9728-4DDB-B175-8C7DBC15A54F}"
EndProject
Project("{2150E333-8FDC-42A3-9474-1A3956D46DE8}") = "LinkUp.Portable", "LinkUp.Portable", "{A43D0631-B767-4470-BD24-15FB011B7311}"
EndProject
Project("{2150E333-8FDC-42A3-9474-1A3956D46DE8}") = "LinkUp.Net45", "LinkUp.Net45", "{8074029D-0CD3-4B47-BA4F-5D3F7C202D6B}"
EndProject
Project("{2150E333-8FDC-42A3-9474-1A3956D46DE8}") = "Testing", "Testing", "{24E3D30C-E95A-4D76-98AF-39CCC560F73D}"
EndProject
Project("{2150E333-8FDC-42A3-9474-1A3956D46DE8}") = "Arduino", "Arduino", "{B84C185A-59B2-4075-8832-2DC8B98AB42B}"
EndProject
Project("{2150E333-8FDC-42A3-9474-1A3956D46DE8}") = "Net45", "Net45", "{4EF0631F-9AA4-4202-81ED-E873A309AFEC}"
EndProject
Project("{8BC9CEB8-8B4A-11D0-8D11-00A0C91BC942}") = "LinkUp.Arduino", "LinkUp.Arduino\LinkUp.Arduino.vcxitems", "{45D41ACC-2C3C-43D2-BC10-02AA73FFC7C7}"
EndProject
Project("{FAE04EC0-301F-11D3-BF4B-00C04F79EFBC}") = "LinkUp.Net45", "LinkUp.Net45\LinkUp.Net45.csproj", "{45736F30-B280-4DBA-BE6E-0F1B76EA6E5E}"
EndProject
Project("{FAE04EC0-301F-11D3-BF4B-00C04F79EFBC}") = "LinkUp.Portable", "LinkUp.Portable\LinkUp.Portable.csproj", "{289814D8-DCA6-42DA-BE76-F2F7A2C355A5}"
EndProject
Project("{2150E333-8FDC-42A3-9474-1A3956D46DE8}") = "LinkUp.Shared", "LinkUp.Shared", "{04196512-6052-49D2-B86B-B590F5110109}"
EndProject
Project("{D954291E-2A0B-460D-934E-DC6B0785DB48}") = "LinkUp.Shared", "LinkUp.Shared\LinkUp.Shared.shproj", "{F907C3A5-B8EF-4DFF-8B18-1CDBC9A7F6CE}"
EndProject
Project("{FAE04EC0-301F-11D3-BF4B-00C04F79EFBC}") = "LinkUp.Testing.Net45", "Testing\Other\LinkUp.Testing.Net45\LinkUp.Testing.Net45.csproj", "{44F3E4A7-5D2F-4AAE-B6C0-8DD7ACB50D6C}"
EndProject
Project("{FAE04EC0-301F-11D3-BF4B-00C04F79EFBC}") = "LinkUp.Testing.Net45.TestBrowser", "Testing\Other\LinkUp.Testing.Net45.TestBrowser\LinkUp.Testing.Net45.TestBrowser.csproj", "{D708ADC8-BBA6-439E-BF58-F4B31C395D65}"
EndProject
Project("{FAE04EC0-301F-11D3-BF4B-00C04F79EFBC}") = "LinkUp.Testing.UnitTest", "Testing\Other\LinkUp.Testing.UnitTest\LinkUp.Testing.UnitTest.csproj", "{54793D3A-AF92-4B56-BB9E-0A6E497417C7}"
EndProject
Project("{2150E333-8FDC-42A3-9474-1A3956D46DE8}") = "Examples", "Examples", "{A1C6404D-7FAB-4FD7-B290-F4153A4CD19D}"
EndProject
Project("{2150E333-8FDC-42A3-9474-1A3956D46DE8}") = "Other", "Other", "{471921C5-51B5-45F2-A9DF-DB4548F95BF3}"
EndProject
Project("{2150E333-8FDC-42A3-9474-1A3956D46DE8}") = "Example1", "Example1", "{5C3173B2-034F-46F1-95F5-253E8431084C}"
EndProject
Project("{8BC9CEB8-8B4A-11D0-8D11-00A0C91BC942}") = "Testing", "Testing\Other\LinkUp.Testing.Arduino\Testing.vcxproj", "{C5F80730-F44F-4478-BDAE-6634EFC2CA88}"
EndProject
Project("{FAE04EC0-301F-11D3-BF4B-00C04F79EFBC}") = "LinkUp.Example1.Net45", "Testing\Example\Example1\LinkUp.Example1.Net45\LinkUp.Example1.Net45.csproj", "{BEDC8AB7-9FEB-42D1-9229-105A849BA6F3}"
EndProject
Project("{2150E333-8FDC-42A3-9474-1A3956D46DE8}") = "Example2", "Example2", "{796456EA-1B5A-4EA7-B177-4FAC5F0D286A}"
EndProject
Project("{FAE04EC0-301F-11D3-BF4B-00C04F79EFBC}") = "LinkUp.Example2.Net45", "Testing\Example\Example2\LinkUp.Example2.Net45\LinkUp.Example2.Net45.csproj", "{DE5A7366-84E7-4FA5-9B61-DF8AAE013D5A}"
EndProject
Project("{8BC9CEB8-8B4A-11D0-8D11-00A0C91BC942}") = "Example2Arduino", "Testing\Example\Example2\Example2Arduino\Example2Arduino.vcxproj", "{4645A031-29AA-4222-84A5-793D26E2FBC1}"
EndProject
Project("{2150E333-8FDC-42A3-9474-1A3956D46DE8}") = "Example3", "Example3", "{6951591D-CCF4-4BFB-AB65-D34F7236D736}"
EndProject
Project("{FAE04EC0-301F-11D3-BF4B-00C04F79EFBC}") = "LinkUp.Example3.Net45", "Testing\Example\Example3\LinkUp.Example3.Net45\LinkUp.Example3.Net45.csproj", "{49C2FB29-6176-4BBE-A662-901EEDDACCAA}"
EndProject
Project("{8BC9CEB8-8B4A-11D0-8D11-00A0C91BC942}") = "Example3Arduino", "Testing\Example\Example3\Example3Arduino\Example3Arduino.vcxproj", "{3F6F77D9-8F6E-4044-BA76-9FF0BC06DFB9}"
EndProject
Project("{2150E333-8FDC-42A3-9474-1A3956D46DE8}") = "Example4", "Example4", "{B1D044CB-08DA-4246-BE40-A26E4AFBDA59}"
EndProject
Project("{FAE04EC0-301F-11D3-BF4B-00C04F79EFBC}") = "LinkUp.Example4.Net45", "Testing\Example\Example4\LinkUp.Example4.Net45\LinkUp.Example4.Net45.csproj", "{B3DABE37-5168-46C3-8F72-EA0888363C61}"
EndProject
Project("{2150E333-8FDC-42A3-9474-1A3956D46DE8}") = "Example5", "Example5", "{3FF977DE-F7BB-4C48-9657-C249778D847D}"
EndProject
Project("{FAE04EC0-301F-11D3-BF4B-00C04F79EFBC}") = "LinkUp.Example5.Net45", "Testing\Example\Example5\LinkUp.Example5.Net45\LinkUp.Example5.Net45.csproj", "{EC5CEA8C-D0F2-463C-8E9C-9CFC3228318F}"
EndProject
Project("{8BC9CEB8-8B4A-11D0-8D11-00A0C91BC942}") = "LinkUp.Example5.Cpp", "Testing\Example\Example5\LinkUp.Example5.Cpp\LinkUp.Example5.Cpp.vcxproj", "{4EE931F8-0759-4626-9950-EDD4D01AFB87}"
EndProject
Project("{2150E333-8FDC-42A3-9474-1A3956D46DE8}") = "Example6", "Example6", "{A5F51732-1421-474D-AEE5-0DA3E1C07936}"
EndProject
Project("{FAE04EC0-301F-11D3-BF4B-00C04F79EFBC}") = "LinkUp.Example6.Net45", "Testing\Example\Example6\LinkUp.Example6.Net45\LinkUp.Example6.Net45.csproj", "{F51AE9C9-9529-4BA1-A663-489B0E83C061}"
EndProject
Project("{2150E333-8FDC-42A3-9474-1A3956D46DE8}") = "Example7", "Example7", "{236EEBB3-152D-4772-A02D-3779D3DA2C3F}"
EndProject
Project("{FAE04EC0-301F-11D3-BF4B-00C04F79EFBC}") = "LinkUp.Example7.Net45", "Testing\Example\Example7\LinkUp.Example7.Net45\LinkUp.Example7.Net45.csproj", "{824C3DEF-DE4F-41BA-9768-842D5919CAFF}"
EndProject
Project("{8BC9CEB8-8B4A-11D0-8D11-00A0C91BC942}") = "LinkUp.Example7.Cpp", "Testing\Example\Example7\LinkUp.Example7.Cpp\LinkUp.Example7.Cpp\LinkUp.Example7.Cpp.vcxproj", "{CBC4A46F-F8B9-4731-A9A9-3B3510CA383E}"
EndProject
Project("{2150E333-8FDC-42A3-9474-1A3956D46DE8}") = "Gyro", "Gyro", "{F3DD86F3-F30B-4CAD-93A8-232BA2820FB5}"
EndProject
Project("{8BC9CEB8-8B4A-11D0-8D11-00A0C91BC942}") = "GyroArduino", "Testing\Other\Gyro\GyroArduino\GyroArduino.vcxproj", "{9DB6EA0A-D09C-40DC-A18E-4853562FD217}"
EndProject
Project("{FAE04EC0-301F-11D3-BF4B-00C04F79EFBC}") = "GyroWpf", "Testing\Other\Gyro\GyroWpf\GyroWpf.csproj", "{BE12470D-4ECD-4254-BE38-0D558119532B}"
EndProject
Global
	GlobalSection(SharedMSBuildProjectFiles) = preSolution
		LinkUp.Shared\LinkUp.Shared.projitems*{289814d8-dca6-42da-be76-f2f7a2c355a5}*SharedItemsImports = 4
		LinkUp.Arduino\LinkUp.Arduino.vcxitems*{3f6f77d9-8f6e-4044-ba76-9ff0bc06dfb9}*SharedItemsImports = 4
		LinkUp.Shared\LinkUp.Shared.projitems*{45736f30-b280-4dba-be6e-0f1b76ea6e5e}*SharedItemsImports = 4
		LinkUp.Arduino\LinkUp.Arduino.vcxitems*{45d41acc-2c3c-43d2-bc10-02aa73ffc7c7}*SharedItemsImports = 9
		LinkUp.Arduino\LinkUp.Arduino.vcxitems*{4645a031-29aa-4222-84a5-793d26e2fbc1}*SharedItemsImports = 4
		LinkUp.Arduino\LinkUp.Arduino.vcxitems*{4ee931f8-0759-4626-9950-edd4d01afb87}*SharedItemsImports = 4
		LinkUp.Arduino\LinkUp.Arduino.vcxitems*{9db6ea0a-d09c-40dc-a18e-4853562fd217}*SharedItemsImports = 4
		LinkUp.Arduino\LinkUp.Arduino.vcxitems*{c5f80730-f44f-4478-bdae-6634efc2ca88}*SharedItemsImports = 4
		LinkUp.Arduino\LinkUp.Arduino.vcxitems*{cbc4a46f-f8b9-4731-a9a9-3b3510ca383e}*SharedItemsImports = 4
		LinkUp.Shared\LinkUp.Shared.projitems*{f907c3a5-b8ef-4dff-8b18-1cdbc9a7f6ce}*SharedItemsImports = 13
	EndGlobalSection
	GlobalSection(SolutionConfigurationPlatforms) = preSolution
		Debug|Any CPU = Debug|Any CPU
		Debug|ARM = Debug|ARM
		Debug|x64 = Debug|x64
		Debug|x86 = Debug|x86
		Release|Any CPU = Release|Any CPU
		Release|ARM = Release|ARM
		Release|x64 = Release|x64
		Release|x86 = Release|x86
	EndGlobalSection
	GlobalSection(ProjectConfigurationPlatforms) = postSolution
		{45736F30-B280-4DBA-BE6E-0F1B76EA6E5E}.Debug|Any CPU.ActiveCfg = Debug|Any CPU
		{45736F30-B280-4DBA-BE6E-0F1B76EA6E5E}.Debug|Any CPU.Build.0 = Debug|Any CPU
		{45736F30-B280-4DBA-BE6E-0F1B76EA6E5E}.Debug|ARM.ActiveCfg = Debug|Any CPU
		{45736F30-B280-4DBA-BE6E-0F1B76EA6E5E}.Debug|ARM.Build.0 = Debug|Any CPU
		{45736F30-B280-4DBA-BE6E-0F1B76EA6E5E}.Debug|x64.ActiveCfg = Debug|Any CPU
		{45736F30-B280-4DBA-BE6E-0F1B76EA6E5E}.Debug|x64.Build.0 = Debug|Any CPU
		{45736F30-B280-4DBA-BE6E-0F1B76EA6E5E}.Debug|x86.ActiveCfg = Debug|Any CPU
		{45736F30-B280-4DBA-BE6E-0F1B76EA6E5E}.Debug|x86.Build.0 = Debug|Any CPU
		{45736F30-B280-4DBA-BE6E-0F1B76EA6E5E}.Release|Any CPU.ActiveCfg = Release|Any CPU
		{45736F30-B280-4DBA-BE6E-0F1B76EA6E5E}.Release|Any CPU.Build.0 = Release|Any CPU
		{45736F30-B280-4DBA-BE6E-0F1B76EA6E5E}.Release|ARM.ActiveCfg = Release|Any CPU
		{45736F30-B280-4DBA-BE6E-0F1B76EA6E5E}.Release|ARM.Build.0 = Release|Any CPU
		{45736F30-B280-4DBA-BE6E-0F1B76EA6E5E}.Release|x64.ActiveCfg = Release|Any CPU
		{45736F30-B280-4DBA-BE6E-0F1B76EA6E5E}.Release|x64.Build.0 = Release|Any CPU
		{45736F30-B280-4DBA-BE6E-0F1B76EA6E5E}.Release|x86.ActiveCfg = Release|Any CPU
		{45736F30-B280-4DBA-BE6E-0F1B76EA6E5E}.Release|x86.Build.0 = Release|Any CPU
		{289814D8-DCA6-42DA-BE76-F2F7A2C355A5}.Debug|Any CPU.ActiveCfg = Debug|Any CPU
		{289814D8-DCA6-42DA-BE76-F2F7A2C355A5}.Debug|Any CPU.Build.0 = Debug|Any CPU
		{289814D8-DCA6-42DA-BE76-F2F7A2C355A5}.Debug|ARM.ActiveCfg = Debug|Any CPU
		{289814D8-DCA6-42DA-BE76-F2F7A2C355A5}.Debug|ARM.Build.0 = Debug|Any CPU
		{289814D8-DCA6-42DA-BE76-F2F7A2C355A5}.Debug|x64.ActiveCfg = Debug|Any CPU
		{289814D8-DCA6-42DA-BE76-F2F7A2C355A5}.Debug|x64.Build.0 = Debug|Any CPU
		{289814D8-DCA6-42DA-BE76-F2F7A2C355A5}.Debug|x86.ActiveCfg = Debug|Any CPU
		{289814D8-DCA6-42DA-BE76-F2F7A2C355A5}.Debug|x86.Build.0 = Debug|Any CPU
		{289814D8-DCA6-42DA-BE76-F2F7A2C355A5}.Release|Any CPU.ActiveCfg = Release|Any CPU
		{289814D8-DCA6-42DA-BE76-F2F7A2C355A5}.Release|Any CPU.Build.0 = Release|Any CPU
		{289814D8-DCA6-42DA-BE76-F2F7A2C355A5}.Release|ARM.ActiveCfg = Release|Any CPU
		{289814D8-DCA6-42DA-BE76-F2F7A2C355A5}.Release|ARM.Build.0 = Release|Any CPU
		{289814D8-DCA6-42DA-BE76-F2F7A2C355A5}.Release|x64.ActiveCfg = Release|Any CPU
		{289814D8-DCA6-42DA-BE76-F2F7A2C355A5}.Release|x64.Build.0 = Release|Any CPU
		{289814D8-DCA6-42DA-BE76-F2F7A2C355A5}.Release|x86.ActiveCfg = Release|Any CPU
		{289814D8-DCA6-42DA-BE76-F2F7A2C355A5}.Release|x86.Build.0 = Release|Any CPU
		{44F3E4A7-5D2F-4AAE-B6C0-8DD7ACB50D6C}.Debug|Any CPU.ActiveCfg = Debug|Any CPU
		{44F3E4A7-5D2F-4AAE-B6C0-8DD7ACB50D6C}.Debug|Any CPU.Build.0 = Debug|Any CPU
		{44F3E4A7-5D2F-4AAE-B6C0-8DD7ACB50D6C}.Debug|ARM.ActiveCfg = Debug|Any CPU
		{44F3E4A7-5D2F-4AAE-B6C0-8DD7ACB50D6C}.Debug|ARM.Build.0 = Debug|Any CPU
		{44F3E4A7-5D2F-4AAE-B6C0-8DD7ACB50D6C}.Debug|x64.ActiveCfg = Debug|Any CPU
		{44F3E4A7-5D2F-4AAE-B6C0-8DD7ACB50D6C}.Debug|x64.Build.0 = Debug|Any CPU
		{44F3E4A7-5D2F-4AAE-B6C0-8DD7ACB50D6C}.Debug|x86.ActiveCfg = Debug|Any CPU
		{44F3E4A7-5D2F-4AAE-B6C0-8DD7ACB50D6C}.Debug|x86.Build.0 = Debug|Any CPU
		{44F3E4A7-5D2F-4AAE-B6C0-8DD7ACB50D6C}.Release|Any CPU.ActiveCfg = Release|Any CPU
		{44F3E4A7-5D2F-4AAE-B6C0-8DD7ACB50D6C}.Release|Any CPU.Build.0 = Release|Any CPU
		{44F3E4A7-5D2F-4AAE-B6C0-8DD7ACB50D6C}.Release|ARM.ActiveCfg = Release|Any CPU
		{44F3E4A7-5D2F-4AAE-B6C0-8DD7ACB50D6C}.Release|ARM.Build.0 = Release|Any CPU
		{44F3E4A7-5D2F-4AAE-B6C0-8DD7ACB50D6C}.Release|x64.ActiveCfg = Release|Any CPU
		{44F3E4A7-5D2F-4AAE-B6C0-8DD7ACB50D6C}.Release|x64.Build.0 = Release|Any CPU
		{44F3E4A7-5D2F-4AAE-B6C0-8DD7ACB50D6C}.Release|x86.ActiveCfg = Release|Any CPU
		{44F3E4A7-5D2F-4AAE-B6C0-8DD7ACB50D6C}.Release|x86.Build.0 = Release|Any CPU
		{D708ADC8-BBA6-439E-BF58-F4B31C395D65}.Debug|Any CPU.ActiveCfg = Debug|Any CPU
		{D708ADC8-BBA6-439E-BF58-F4B31C395D65}.Debug|Any CPU.Build.0 = Debug|Any CPU
		{D708ADC8-BBA6-439E-BF58-F4B31C395D65}.Debug|ARM.ActiveCfg = Debug|Any CPU
		{D708ADC8-BBA6-439E-BF58-F4B31C395D65}.Debug|ARM.Build.0 = Debug|Any CPU
		{D708ADC8-BBA6-439E-BF58-F4B31C395D65}.Debug|x64.ActiveCfg = Debug|Any CPU
		{D708ADC8-BBA6-439E-BF58-F4B31C395D65}.Debug|x64.Build.0 = Debug|Any CPU
		{D708ADC8-BBA6-439E-BF58-F4B31C395D65}.Debug|x86.ActiveCfg = Debug|Any CPU
		{D708ADC8-BBA6-439E-BF58-F4B31C395D65}.Debug|x86.Build.0 = Debug|Any CPU
		{D708ADC8-BBA6-439E-BF58-F4B31C395D65}.Release|Any CPU.ActiveCfg = Release|Any CPU
		{D708ADC8-BBA6-439E-BF58-F4B31C395D65}.Release|Any CPU.Build.0 = Release|Any CPU
		{D708ADC8-BBA6-439E-BF58-F4B31C395D65}.Release|ARM.ActiveCfg = Release|Any CPU
		{D708ADC8-BBA6-439E-BF58-F4B31C395D65}.Release|ARM.Build.0 = Release|Any CPU
		{D708ADC8-BBA6-439E-BF58-F4B31C395D65}.Release|x64.ActiveCfg = Release|Any CPU
		{D708ADC8-BBA6-439E-BF58-F4B31C395D65}.Release|x64.Build.0 = Release|Any CPU
		{D708ADC8-BBA6-439E-BF58-F4B31C395D65}.Release|x86.ActiveCfg = Release|Any CPU
		{D708ADC8-BBA6-439E-BF58-F4B31C395D65}.Release|x86.Build.0 = Release|Any CPU
		{54793D3A-AF92-4B56-BB9E-0A6E497417C7}.Debug|Any CPU.ActiveCfg = Debug|Any CPU
		{54793D3A-AF92-4B56-BB9E-0A6E497417C7}.Debug|Any CPU.Build.0 = Debug|Any CPU
		{54793D3A-AF92-4B56-BB9E-0A6E497417C7}.Debug|ARM.ActiveCfg = Debug|Any CPU
		{54793D3A-AF92-4B56-BB9E-0A6E497417C7}.Debug|ARM.Build.0 = Debug|Any CPU
		{54793D3A-AF92-4B56-BB9E-0A6E497417C7}.Debug|x64.ActiveCfg = Debug|Any CPU
		{54793D3A-AF92-4B56-BB9E-0A6E497417C7}.Debug|x64.Build.0 = Debug|Any CPU
		{54793D3A-AF92-4B56-BB9E-0A6E497417C7}.Debug|x86.ActiveCfg = Debug|Any CPU
		{54793D3A-AF92-4B56-BB9E-0A6E497417C7}.Debug|x86.Build.0 = Debug|Any CPU
		{54793D3A-AF92-4B56-BB9E-0A6E497417C7}.Release|Any CPU.ActiveCfg = Release|Any CPU
		{54793D3A-AF92-4B56-BB9E-0A6E497417C7}.Release|Any CPU.Build.0 = Release|Any CPU
		{54793D3A-AF92-4B56-BB9E-0A6E497417C7}.Release|ARM.ActiveCfg = Release|Any CPU
		{54793D3A-AF92-4B56-BB9E-0A6E497417C7}.Release|ARM.Build.0 = Release|Any CPU
		{54793D3A-AF92-4B56-BB9E-0A6E497417C7}.Release|x64.ActiveCfg = Release|Any CPU
		{54793D3A-AF92-4B56-BB9E-0A6E497417C7}.Release|x64.Build.0 = Release|Any CPU
		{54793D3A-AF92-4B56-BB9E-0A6E497417C7}.Release|x86.ActiveCfg = Release|Any CPU
		{54793D3A-AF92-4B56-BB9E-0A6E497417C7}.Release|x86.Build.0 = Release|Any CPU
		{C5F80730-F44F-4478-BDAE-6634EFC2CA88}.Debug|Any CPU.ActiveCfg = Debug|Win32
		{C5F80730-F44F-4478-BDAE-6634EFC2CA88}.Debug|ARM.ActiveCfg = Debug|Win32
		{C5F80730-F44F-4478-BDAE-6634EFC2CA88}.Debug|x64.ActiveCfg = Debug|Win32
		{C5F80730-F44F-4478-BDAE-6634EFC2CA88}.Debug|x86.ActiveCfg = Debug|Win32
		{C5F80730-F44F-4478-BDAE-6634EFC2CA88}.Debug|x86.Build.0 = Debug|Win32
		{C5F80730-F44F-4478-BDAE-6634EFC2CA88}.Release|Any CPU.ActiveCfg = Release|Win32
		{C5F80730-F44F-4478-BDAE-6634EFC2CA88}.Release|ARM.ActiveCfg = Release|Win32
		{C5F80730-F44F-4478-BDAE-6634EFC2CA88}.Release|x64.ActiveCfg = Release|Win32
		{C5F80730-F44F-4478-BDAE-6634EFC2CA88}.Release|x86.ActiveCfg = Release|Win32
		{C5F80730-F44F-4478-BDAE-6634EFC2CA88}.Release|x86.Build.0 = Release|Win32
		{BEDC8AB7-9FEB-42D1-9229-105A849BA6F3}.Debug|Any CPU.ActiveCfg = Debug|Any CPU
		{BEDC8AB7-9FEB-42D1-9229-105A849BA6F3}.Debug|Any CPU.Build.0 = Debug|Any CPU
		{BEDC8AB7-9FEB-42D1-9229-105A849BA6F3}.Debug|ARM.ActiveCfg = Debug|Any CPU
		{BEDC8AB7-9FEB-42D1-9229-105A849BA6F3}.Debug|ARM.Build.0 = Debug|Any CPU
		{BEDC8AB7-9FEB-42D1-9229-105A849BA6F3}.Debug|x64.ActiveCfg = Debug|Any CPU
		{BEDC8AB7-9FEB-42D1-9229-105A849BA6F3}.Debug|x64.Build.0 = Debug|Any CPU
		{BEDC8AB7-9FEB-42D1-9229-105A849BA6F3}.Debug|x86.ActiveCfg = Debug|Any CPU
		{BEDC8AB7-9FEB-42D1-9229-105A849BA6F3}.Debug|x86.Build.0 = Debug|Any CPU
		{BEDC8AB7-9FEB-42D1-9229-105A849BA6F3}.Release|Any CPU.ActiveCfg = Release|Any CPU
		{BEDC8AB7-9FEB-42D1-9229-105A849BA6F3}.Release|Any CPU.Build.0 = Release|Any CPU
		{BEDC8AB7-9FEB-42D1-9229-105A849BA6F3}.Release|ARM.ActiveCfg = Release|Any CPU
		{BEDC8AB7-9FEB-42D1-9229-105A849BA6F3}.Release|ARM.Build.0 = Release|Any CPU
		{BEDC8AB7-9FEB-42D1-9229-105A849BA6F3}.Release|x64.ActiveCfg = Release|Any CPU
		{BEDC8AB7-9FEB-42D1-9229-105A849BA6F3}.Release|x64.Build.0 = Release|Any CPU
		{BEDC8AB7-9FEB-42D1-9229-105A849BA6F3}.Release|x86.ActiveCfg = Release|Any CPU
		{BEDC8AB7-9FEB-42D1-9229-105A849BA6F3}.Release|x86.Build.0 = Release|Any CPU
		{DE5A7366-84E7-4FA5-9B61-DF8AAE013D5A}.Debug|Any CPU.ActiveCfg = Debug|Any CPU
		{DE5A7366-84E7-4FA5-9B61-DF8AAE013D5A}.Debug|Any CPU.Build.0 = Debug|Any CPU
		{DE5A7366-84E7-4FA5-9B61-DF8AAE013D5A}.Debug|ARM.ActiveCfg = Debug|Any CPU
		{DE5A7366-84E7-4FA5-9B61-DF8AAE013D5A}.Debug|ARM.Build.0 = Debug|Any CPU
		{DE5A7366-84E7-4FA5-9B61-DF8AAE013D5A}.Debug|x64.ActiveCfg = Debug|Any CPU
		{DE5A7366-84E7-4FA5-9B61-DF8AAE013D5A}.Debug|x64.Build.0 = Debug|Any CPU
		{DE5A7366-84E7-4FA5-9B61-DF8AAE013D5A}.Debug|x86.ActiveCfg = Debug|Any CPU
		{DE5A7366-84E7-4FA5-9B61-DF8AAE013D5A}.Debug|x86.Build.0 = Debug|Any CPU
		{DE5A7366-84E7-4FA5-9B61-DF8AAE013D5A}.Release|Any CPU.ActiveCfg = Release|Any CPU
		{DE5A7366-84E7-4FA5-9B61-DF8AAE013D5A}.Release|Any CPU.Build.0 = Release|Any CPU
		{DE5A7366-84E7-4FA5-9B61-DF8AAE013D5A}.Release|ARM.ActiveCfg = Release|Any CPU
		{DE5A7366-84E7-4FA5-9B61-DF8AAE013D5A}.Release|ARM.Build.0 = Release|Any CPU
		{DE5A7366-84E7-4FA5-9B61-DF8AAE013D5A}.Release|x64.ActiveCfg = Release|Any CPU
		{DE5A7366-84E7-4FA5-9B61-DF8AAE013D5A}.Release|x64.Build.0 = Release|Any CPU
		{DE5A7366-84E7-4FA5-9B61-DF8AAE013D5A}.Release|x86.ActiveCfg = Release|Any CPU
		{DE5A7366-84E7-4FA5-9B61-DF8AAE013D5A}.Release|x86.Build.0 = Release|Any CPU
		{4645A031-29AA-4222-84A5-793D26E2FBC1}.Debug|Any CPU.ActiveCfg = Debug|Win32
		{4645A031-29AA-4222-84A5-793D26E2FBC1}.Debug|ARM.ActiveCfg = Debug|Win32
		{4645A031-29AA-4222-84A5-793D26E2FBC1}.Debug|x64.ActiveCfg = Debug|Win32
		{4645A031-29AA-4222-84A5-793D26E2FBC1}.Debug|x86.ActiveCfg = Debug|Win32
		{4645A031-29AA-4222-84A5-793D26E2FBC1}.Debug|x86.Build.0 = Debug|Win32
		{4645A031-29AA-4222-84A5-793D26E2FBC1}.Release|Any CPU.ActiveCfg = Release|Win32
		{4645A031-29AA-4222-84A5-793D26E2FBC1}.Release|ARM.ActiveCfg = Release|Win32
		{4645A031-29AA-4222-84A5-793D26E2FBC1}.Release|x64.ActiveCfg = Release|Win32
		{4645A031-29AA-4222-84A5-793D26E2FBC1}.Release|x86.ActiveCfg = Release|Win32
		{4645A031-29AA-4222-84A5-793D26E2FBC1}.Release|x86.Build.0 = Release|Win32
		{49C2FB29-6176-4BBE-A662-901EEDDACCAA}.Debug|Any CPU.ActiveCfg = Debug|Any CPU
		{49C2FB29-6176-4BBE-A662-901EEDDACCAA}.Debug|Any CPU.Build.0 = Debug|Any CPU
		{49C2FB29-6176-4BBE-A662-901EEDDACCAA}.Debug|ARM.ActiveCfg = Debug|Any CPU
		{49C2FB29-6176-4BBE-A662-901EEDDACCAA}.Debug|ARM.Build.0 = Debug|Any CPU
		{49C2FB29-6176-4BBE-A662-901EEDDACCAA}.Debug|x64.ActiveCfg = Debug|Any CPU
		{49C2FB29-6176-4BBE-A662-901EEDDACCAA}.Debug|x64.Build.0 = Debug|Any CPU
		{49C2FB29-6176-4BBE-A662-901EEDDACCAA}.Debug|x86.ActiveCfg = Debug|Any CPU
		{49C2FB29-6176-4BBE-A662-901EEDDACCAA}.Debug|x86.Build.0 = Debug|Any CPU
		{49C2FB29-6176-4BBE-A662-901EEDDACCAA}.Release|Any CPU.ActiveCfg = Release|Any CPU
		{49C2FB29-6176-4BBE-A662-901EEDDACCAA}.Release|Any CPU.Build.0 = Release|Any CPU
		{49C2FB29-6176-4BBE-A662-901EEDDACCAA}.Release|ARM.ActiveCfg = Release|Any CPU
		{49C2FB29-6176-4BBE-A662-901EEDDACCAA}.Release|ARM.Build.0 = Release|Any CPU
		{49C2FB29-6176-4BBE-A662-901EEDDACCAA}.Release|x64.ActiveCfg = Release|Any CPU
		{49C2FB29-6176-4BBE-A662-901EEDDACCAA}.Release|x64.Build.0 = Release|Any CPU
		{49C2FB29-6176-4BBE-A662-901EEDDACCAA}.Release|x86.ActiveCfg = Release|Any CPU
		{49C2FB29-6176-4BBE-A662-901EEDDACCAA}.Release|x86.Build.0 = Release|Any CPU
		{3F6F77D9-8F6E-4044-BA76-9FF0BC06DFB9}.Debug|Any CPU.ActiveCfg = Debug|Win32
		{3F6F77D9-8F6E-4044-BA76-9FF0BC06DFB9}.Debug|ARM.ActiveCfg = Debug|Win32
		{3F6F77D9-8F6E-4044-BA76-9FF0BC06DFB9}.Debug|x64.ActiveCfg = Debug|Win32
		{3F6F77D9-8F6E-4044-BA76-9FF0BC06DFB9}.Debug|x86.ActiveCfg = Debug|Win32
		{3F6F77D9-8F6E-4044-BA76-9FF0BC06DFB9}.Debug|x86.Build.0 = Debug|Win32
		{3F6F77D9-8F6E-4044-BA76-9FF0BC06DFB9}.Release|Any CPU.ActiveCfg = Release|Win32
		{3F6F77D9-8F6E-4044-BA76-9FF0BC06DFB9}.Release|ARM.ActiveCfg = Release|Win32
		{3F6F77D9-8F6E-4044-BA76-9FF0BC06DFB9}.Release|x64.ActiveCfg = Release|Win32
		{3F6F77D9-8F6E-4044-BA76-9FF0BC06DFB9}.Release|x86.ActiveCfg = Release|Win32
		{3F6F77D9-8F6E-4044-BA76-9FF0BC06DFB9}.Release|x86.Build.0 = Release|Win32
		{B3DABE37-5168-46C3-8F72-EA0888363C61}.Debug|Any CPU.ActiveCfg = Debug|Any CPU
		{B3DABE37-5168-46C3-8F72-EA0888363C61}.Debug|Any CPU.Build.0 = Debug|Any CPU
		{B3DABE37-5168-46C3-8F72-EA0888363C61}.Debug|ARM.ActiveCfg = Debug|Any CPU
		{B3DABE37-5168-46C3-8F72-EA0888363C61}.Debug|ARM.Build.0 = Debug|Any CPU
		{B3DABE37-5168-46C3-8F72-EA0888363C61}.Debug|x64.ActiveCfg = Debug|Any CPU
		{B3DABE37-5168-46C3-8F72-EA0888363C61}.Debug|x64.Build.0 = Debug|Any CPU
		{B3DABE37-5168-46C3-8F72-EA0888363C61}.Debug|x86.ActiveCfg = Debug|Any CPU
		{B3DABE37-5168-46C3-8F72-EA0888363C61}.Debug|x86.Build.0 = Debug|Any CPU
		{B3DABE37-5168-46C3-8F72-EA0888363C61}.Release|Any CPU.ActiveCfg = Release|Any CPU
		{B3DABE37-5168-46C3-8F72-EA0888363C61}.Release|Any CPU.Build.0 = Release|Any CPU
		{B3DABE37-5168-46C3-8F72-EA0888363C61}.Release|ARM.ActiveCfg = Release|Any CPU
		{B3DABE37-5168-46C3-8F72-EA0888363C61}.Release|ARM.Build.0 = Release|Any CPU
		{B3DABE37-5168-46C3-8F72-EA0888363C61}.Release|x64.ActiveCfg = Release|Any CPU
		{B3DABE37-5168-46C3-8F72-EA0888363C61}.Release|x64.Build.0 = Release|Any CPU
		{B3DABE37-5168-46C3-8F72-EA0888363C61}.Release|x86.ActiveCfg = Release|Any CPU
		{B3DABE37-5168-46C3-8F72-EA0888363C61}.Release|x86.Build.0 = Release|Any CPU
		{EC5CEA8C-D0F2-463C-8E9C-9CFC3228318F}.Debug|Any CPU.ActiveCfg = Debug|Any CPU
		{EC5CEA8C-D0F2-463C-8E9C-9CFC3228318F}.Debug|Any CPU.Build.0 = Debug|Any CPU
		{EC5CEA8C-D0F2-463C-8E9C-9CFC3228318F}.Debug|ARM.ActiveCfg = Debug|Any CPU
		{EC5CEA8C-D0F2-463C-8E9C-9CFC3228318F}.Debug|ARM.Build.0 = Debug|Any CPU
		{EC5CEA8C-D0F2-463C-8E9C-9CFC3228318F}.Debug|x64.ActiveCfg = Debug|Any CPU
		{EC5CEA8C-D0F2-463C-8E9C-9CFC3228318F}.Debug|x64.Build.0 = Debug|Any CPU
		{EC5CEA8C-D0F2-463C-8E9C-9CFC3228318F}.Debug|x86.ActiveCfg = Debug|Any CPU
		{EC5CEA8C-D0F2-463C-8E9C-9CFC3228318F}.Debug|x86.Build.0 = Debug|Any CPU
		{EC5CEA8C-D0F2-463C-8E9C-9CFC3228318F}.Release|Any CPU.ActiveCfg = Release|Any CPU
		{EC5CEA8C-D0F2-463C-8E9C-9CFC3228318F}.Release|Any CPU.Build.0 = Release|Any CPU
		{EC5CEA8C-D0F2-463C-8E9C-9CFC3228318F}.Release|ARM.ActiveCfg = Release|Any CPU
		{EC5CEA8C-D0F2-463C-8E9C-9CFC3228318F}.Release|ARM.Build.0 = Release|Any CPU
		{EC5CEA8C-D0F2-463C-8E9C-9CFC3228318F}.Release|x64.ActiveCfg = Release|Any CPU
		{EC5CEA8C-D0F2-463C-8E9C-9CFC3228318F}.Release|x64.Build.0 = Release|Any CPU
		{EC5CEA8C-D0F2-463C-8E9C-9CFC3228318F}.Release|x86.ActiveCfg = Release|Any CPU
		{EC5CEA8C-D0F2-463C-8E9C-9CFC3228318F}.Release|x86.Build.0 = Release|Any CPU
		{4EE931F8-0759-4626-9950-EDD4D01AFB87}.Debug|Any CPU.ActiveCfg = Debug|Win32
		{4EE931F8-0759-4626-9950-EDD4D01AFB87}.Debug|ARM.ActiveCfg = Debug|Win32
		{4EE931F8-0759-4626-9950-EDD4D01AFB87}.Debug|x64.ActiveCfg = Debug|x64
		{4EE931F8-0759-4626-9950-EDD4D01AFB87}.Debug|x64.Build.0 = Debug|x64
		{4EE931F8-0759-4626-9950-EDD4D01AFB87}.Debug|x86.ActiveCfg = Debug|Win32
		{4EE931F8-0759-4626-9950-EDD4D01AFB87}.Debug|x86.Build.0 = Debug|Win32
		{4EE931F8-0759-4626-9950-EDD4D01AFB87}.Release|Any CPU.ActiveCfg = Release|Win32
		{4EE931F8-0759-4626-9950-EDD4D01AFB87}.Release|ARM.ActiveCfg = Release|Win32
		{4EE931F8-0759-4626-9950-EDD4D01AFB87}.Release|x64.ActiveCfg = Release|x64
		{4EE931F8-0759-4626-9950-EDD4D01AFB87}.Release|x64.Build.0 = Release|x64
		{4EE931F8-0759-4626-9950-EDD4D01AFB87}.Release|x86.ActiveCfg = Release|Win32
		{4EE931F8-0759-4626-9950-EDD4D01AFB87}.Release|x86.Build.0 = Release|Win32
		{F51AE9C9-9529-4BA1-A663-489B0E83C061}.Debug|Any CPU.ActiveCfg = Debug|Any CPU
		{F51AE9C9-9529-4BA1-A663-489B0E83C061}.Debug|Any CPU.Build.0 = Debug|Any CPU
		{F51AE9C9-9529-4BA1-A663-489B0E83C061}.Debug|ARM.ActiveCfg = Debug|Any CPU
		{F51AE9C9-9529-4BA1-A663-489B0E83C061}.Debug|ARM.Build.0 = Debug|Any CPU
		{F51AE9C9-9529-4BA1-A663-489B0E83C061}.Debug|x64.ActiveCfg = Debug|Any CPU
		{F51AE9C9-9529-4BA1-A663-489B0E83C061}.Debug|x64.Build.0 = Debug|Any CPU
		{F51AE9C9-9529-4BA1-A663-489B0E83C061}.Debug|x86.ActiveCfg = Debug|Any CPU
		{F51AE9C9-9529-4BA1-A663-489B0E83C061}.Debug|x86.Build.0 = Debug|Any CPU
		{F51AE9C9-9529-4BA1-A663-489B0E83C061}.Release|Any CPU.ActiveCfg = Release|Any CPU
		{F51AE9C9-9529-4BA1-A663-489B0E83C061}.Release|Any CPU.Build.0 = Release|Any CPU
		{F51AE9C9-9529-4BA1-A663-489B0E83C061}.Release|ARM.ActiveCfg = Release|Any CPU
		{F51AE9C9-9529-4BA1-A663-489B0E83C061}.Release|ARM.Build.0 = Release|Any CPU
		{F51AE9C9-9529-4BA1-A663-489B0E83C061}.Release|x64.ActiveCfg = Release|Any CPU
		{F51AE9C9-9529-4BA1-A663-489B0E83C061}.Release|x64.Build.0 = Release|Any CPU
		{F51AE9C9-9529-4BA1-A663-489B0E83C061}.Release|x86.ActiveCfg = Release|Any CPU
		{F51AE9C9-9529-4BA1-A663-489B0E83C061}.Release|x86.Build.0 = Release|Any CPU
		{824C3DEF-DE4F-41BA-9768-842D5919CAFF}.Debug|Any CPU.ActiveCfg = Debug|Any CPU
		{824C3DEF-DE4F-41BA-9768-842D5919CAFF}.Debug|Any CPU.Build.0 = Debug|Any CPU
		{824C3DEF-DE4F-41BA-9768-842D5919CAFF}.Debug|ARM.ActiveCfg = Debug|Any CPU
		{824C3DEF-DE4F-41BA-9768-842D5919CAFF}.Debug|ARM.Build.0 = Debug|Any CPU
		{824C3DEF-DE4F-41BA-9768-842D5919CAFF}.Debug|x64.ActiveCfg = Debug|Any CPU
		{824C3DEF-DE4F-41BA-9768-842D5919CAFF}.Debug|x64.Build.0 = Debug|Any CPU
		{824C3DEF-DE4F-41BA-9768-842D5919CAFF}.Debug|x86.ActiveCfg = Debug|Any CPU
		{824C3DEF-DE4F-41BA-9768-842D5919CAFF}.Debug|x86.Build.0 = Debug|Any CPU
		{824C3DEF-DE4F-41BA-9768-842D5919CAFF}.Release|Any CPU.ActiveCfg = Release|Any CPU
		{824C3DEF-DE4F-41BA-9768-842D5919CAFF}.Release|Any CPU.Build.0 = Release|Any CPU
		{824C3DEF-DE4F-41BA-9768-842D5919CAFF}.Release|ARM.ActiveCfg = Release|Any CPU
		{824C3DEF-DE4F-41BA-9768-842D5919CAFF}.Release|ARM.Build.0 = Release|Any CPU
		{824C3DEF-DE4F-41BA-9768-842D5919CAFF}.Release|x64.ActiveCfg = Release|Any CPU
		{824C3DEF-DE4F-41BA-9768-842D5919CAFF}.Release|x64.Build.0 = Release|Any CPU
		{824C3DEF-DE4F-41BA-9768-842D5919CAFF}.Release|x86.ActiveCfg = Release|Any CPU
		{824C3DEF-DE4F-41BA-9768-842D5919CAFF}.Release|x86.Build.0 = Release|Any CPU
		{CBC4A46F-F8B9-4731-A9A9-3B3510CA383E}.Debug|Any CPU.ActiveCfg = Debug|Win32
		{CBC4A46F-F8B9-4731-A9A9-3B3510CA383E}.Debug|ARM.ActiveCfg = Debug|Win32
		{CBC4A46F-F8B9-4731-A9A9-3B3510CA383E}.Debug|x64.ActiveCfg = Debug|x64
		{CBC4A46F-F8B9-4731-A9A9-3B3510CA383E}.Debug|x64.Build.0 = Debug|x64
		{CBC4A46F-F8B9-4731-A9A9-3B3510CA383E}.Debug|x86.ActiveCfg = Debug|Win32
		{CBC4A46F-F8B9-4731-A9A9-3B3510CA383E}.Debug|x86.Build.0 = Debug|Win32
		{CBC4A46F-F8B9-4731-A9A9-3B3510CA383E}.Release|Any CPU.ActiveCfg = Release|Win32
		{CBC4A46F-F8B9-4731-A9A9-3B3510CA383E}.Release|ARM.ActiveCfg = Release|Win32
		{CBC4A46F-F8B9-4731-A9A9-3B3510CA383E}.Release|x64.ActiveCfg = Release|x64
		{CBC4A46F-F8B9-4731-A9A9-3B3510CA383E}.Release|x64.Build.0 = Release|x64
		{CBC4A46F-F8B9-4731-A9A9-3B3510CA383E}.Release|x86.ActiveCfg = Release|Win32
		{CBC4A46F-F8B9-4731-A9A9-3B3510CA383E}.Release|x86.Build.0 = Release|Win32
		{9DB6EA0A-D09C-40DC-A18E-4853562FD217}.Debug|Any CPU.ActiveCfg = Debug|Win32
		{9DB6EA0A-D09C-40DC-A18E-4853562FD217}.Debug|ARM.ActiveCfg = Debug|Win32
		{9DB6EA0A-D09C-40DC-A18E-4853562FD217}.Debug|x64.ActiveCfg = Debug|Win32
		{9DB6EA0A-D09C-40DC-A18E-4853562FD217}.Debug|x86.ActiveCfg = Debug|Win32
		{9DB6EA0A-D09C-40DC-A18E-4853562FD217}.Debug|x86.Build.0 = Debug|Win32
		{9DB6EA0A-D09C-40DC-A18E-4853562FD217}.Release|Any CPU.ActiveCfg = Release|Win32
		{9DB6EA0A-D09C-40DC-A18E-4853562FD217}.Release|ARM.ActiveCfg = Release|Win32
		{9DB6EA0A-D09C-40DC-A18E-4853562FD217}.Release|x64.ActiveCfg = Release|Win32
		{9DB6EA0A-D09C-40DC-A18E-4853562FD217}.Release|x86.ActiveCfg = Release|Win32
		{9DB6EA0A-D09C-40DC-A18E-4853562FD217}.Release|x86.Build.0 = Release|Win32
		{BE12470D-4ECD-4254-BE38-0D558119532B}.Debug|Any CPU.ActiveCfg = Debug|Any CPU
		{BE12470D-4ECD-4254-BE38-0D558119532B}.Debug|Any CPU.Build.0 = Debug|Any CPU
		{BE12470D-4ECD-4254-BE38-0D558119532B}.Debug|ARM.ActiveCfg = Debug|Any CPU
		{BE12470D-4ECD-4254-BE38-0D558119532B}.Debug|ARM.Build.0 = Debug|Any CPU
		{BE12470D-4ECD-4254-BE38-0D558119532B}.Debug|x64.ActiveCfg = Debug|Any CPU
		{BE12470D-4ECD-4254-BE38-0D558119532B}.Debug|x64.Build.0 = Debug|Any CPU
		{BE12470D-4ECD-4254-BE38-0D558119532B}.Debug|x86.ActiveCfg = Debug|Any CPU
		{BE12470D-4ECD-4254-BE38-0D558119532B}.Debug|x86.Build.0 = Debug|Any CPU
		{BE12470D-4ECD-4254-BE38-0D558119532B}.Release|Any CPU.ActiveCfg = Release|Any CPU
		{BE12470D-4ECD-4254-BE38-0D558119532B}.Release|Any CPU.Build.0 = Release|Any CPU
		{BE12470D-4ECD-4254-BE38-0D558119532B}.Release|ARM.ActiveCfg = Release|Any CPU
		{BE12470D-4ECD-4254-BE38-0D558119532B}.Release|ARM.Build.0 = Release|Any CPU
		{BE12470D-4ECD-4254-BE38-0D558119532B}.Release|x64.ActiveCfg = Release|Any CPU
		{BE12470D-4ECD-4254-BE38-0D558119532B}.Release|x64.Build.0 = Release|Any CPU
		{BE12470D-4ECD-4254-BE38-0D558119532B}.Release|x86.ActiveCfg = Release|Any CPU
		{BE12470D-4ECD-4254-BE38-0D558119532B}.Release|x86.Build.0 = Release|Any CPU
	EndGlobalSection
	GlobalSection(SolutionProperties) = preSolution
		HideSolutionNode = FALSE
	EndGlobalSection
	GlobalSection(NestedProjects) = preSolution
		{B84C185A-59B2-4075-8832-2DC8B98AB42B} = {471921C5-51B5-45F2-A9DF-DB4548F95BF3}
		{4EF0631F-9AA4-4202-81ED-E873A309AFEC} = {471921C5-51B5-45F2-A9DF-DB4548F95BF3}
		{45D41ACC-2C3C-43D2-BC10-02AA73FFC7C7} = {4E0ECFF1-9728-4DDB-B175-8C7DBC15A54F}
		{45736F30-B280-4DBA-BE6E-0F1B76EA6E5E} = {8074029D-0CD3-4B47-BA4F-5D3F7C202D6B}
		{289814D8-DCA6-42DA-BE76-F2F7A2C355A5} = {A43D0631-B767-4470-BD24-15FB011B7311}
		{F907C3A5-B8EF-4DFF-8B18-1CDBC9A7F6CE} = {04196512-6052-49D2-B86B-B590F5110109}
		{44F3E4A7-5D2F-4AAE-B6C0-8DD7ACB50D6C} = {4EF0631F-9AA4-4202-81ED-E873A309AFEC}
		{D708ADC8-BBA6-439E-BF58-F4B31C395D65} = {4EF0631F-9AA4-4202-81ED-E873A309AFEC}
		{54793D3A-AF92-4B56-BB9E-0A6E497417C7} = {4EF0631F-9AA4-4202-81ED-E873A309AFEC}
		{A1C6404D-7FAB-4FD7-B290-F4153A4CD19D} = {24E3D30C-E95A-4D76-98AF-39CCC560F73D}
		{471921C5-51B5-45F2-A9DF-DB4548F95BF3} = {24E3D30C-E95A-4D76-98AF-39CCC560F73D}
		{5C3173B2-034F-46F1-95F5-253E8431084C} = {A1C6404D-7FAB-4FD7-B290-F4153A4CD19D}
		{C5F80730-F44F-4478-BDAE-6634EFC2CA88} = {B84C185A-59B2-4075-8832-2DC8B98AB42B}
		{BEDC8AB7-9FEB-42D1-9229-105A849BA6F3} = {5C3173B2-034F-46F1-95F5-253E8431084C}
		{796456EA-1B5A-4EA7-B177-4FAC5F0D286A} = {A1C6404D-7FAB-4FD7-B290-F4153A4CD19D}
		{DE5A7366-84E7-4FA5-9B61-DF8AAE013D5A} = {796456EA-1B5A-4EA7-B177-4FAC5F0D286A}
		{4645A031-29AA-4222-84A5-793D26E2FBC1} = {796456EA-1B5A-4EA7-B177-4FAC5F0D286A}
		{6951591D-CCF4-4BFB-AB65-D34F7236D736} = {A1C6404D-7FAB-4FD7-B290-F4153A4CD19D}
		{49C2FB29-6176-4BBE-A662-901EEDDACCAA} = {6951591D-CCF4-4BFB-AB65-D34F7236D736}
		{3F6F77D9-8F6E-4044-BA76-9FF0BC06DFB9} = {6951591D-CCF4-4BFB-AB65-D34F7236D736}
		{B1D044CB-08DA-4246-BE40-A26E4AFBDA59} = {A1C6404D-7FAB-4FD7-B290-F4153A4CD19D}
		{B3DABE37-5168-46C3-8F72-EA0888363C61} = {B1D044CB-08DA-4246-BE40-A26E4AFBDA59}
		{3FF977DE-F7BB-4C48-9657-C249778D847D} = {A1C6404D-7FAB-4FD7-B290-F4153A4CD19D}
		{EC5CEA8C-D0F2-463C-8E9C-9CFC3228318F} = {3FF977DE-F7BB-4C48-9657-C249778D847D}
		{4EE931F8-0759-4626-9950-EDD4D01AFB87} = {3FF977DE-F7BB-4C48-9657-C249778D847D}
		{A5F51732-1421-474D-AEE5-0DA3E1C07936} = {A1C6404D-7FAB-4FD7-B290-F4153A4CD19D}
		{F51AE9C9-9529-4BA1-A663-489B0E83C061} = {A5F51732-1421-474D-AEE5-0DA3E1C07936}
		{236EEBB3-152D-4772-A02D-3779D3DA2C3F} = {A1C6404D-7FAB-4FD7-B290-F4153A4CD19D}
		{824C3DEF-DE4F-41BA-9768-842D5919CAFF} = {236EEBB3-152D-4772-A02D-3779D3DA2C3F}
		{CBC4A46F-F8B9-4731-A9A9-3B3510CA383E} = {236EEBB3-152D-4772-A02D-3779D3DA2C3F}
		{F3DD86F3-F30B-4CAD-93A8-232BA2820FB5} = {471921C5-51B5-45F2-A9DF-DB4548F95BF3}
		{9DB6EA0A-D09C-40DC-A18E-4853562FD217} = {F3DD86F3-F30B-4CAD-93A8-232BA2820FB5}
		{BE12470D-4ECD-4254-BE38-0D558119532B} = {F3DD86F3-F30B-4CAD-93A8-232BA2820FB5}
	EndGlobalSection
EndGlobal
