
Microsoft Visual Studio Solution File, Format Version 12.00
# Visual Studio Version 17
VisualStudioVersion = 17.4.33213.308
MinimumVisualStudioVersion = 10.0.40219.1
Project("{2150E333-8FDC-42A3-9474-1A3956D46DE8}") = "LinkUp.Cpp", "LinkUp.Cpp", "{4E0ECFF1-9728-4DDB-B175-8C7DBC15A54F}"
EndProject
Project("{2150E333-8FDC-42A3-9474-1A3956D46DE8}") = "Testing", "Testing", "{24E3D30C-E95A-4D76-98AF-39CCC560F73D}"
EndProject
Project("{2150E333-8FDC-42A3-9474-1A3956D46DE8}") = "Examples", "Examples", "{A1C6404D-7FAB-4FD7-B290-F4153A4CD19D}"
EndProject
Project("{2150E333-8FDC-42A3-9474-1A3956D46DE8}") = "Example1", "Example1", "{5C3173B2-034F-46F1-95F5-253E8431084C}"
EndProject
Project("{FAE04EC0-301F-11D3-BF4B-00C04F79EFBC}") = "LinkUp.Example1.Net45", "Testing\Example\Example1\LinkUp.Example1.Net45\LinkUp.Example1.Net45.csproj", "{BEDC8AB7-9FEB-42D1-9229-105A849BA6F3}"
EndProject
Project("{2150E333-8FDC-42A3-9474-1A3956D46DE8}") = "Example2", "Example2", "{796456EA-1B5A-4EA7-B177-4FAC5F0D286A}"
EndProject
Project("{FAE04EC0-301F-11D3-BF4B-00C04F79EFBC}") = "LinkUp.Example2.Net45", "Testing\Example\Example2\LinkUp.Example2.Net45\LinkUp.Example2.Net45.csproj", "{DE5A7366-84E7-4FA5-9B61-DF8AAE013D5A}"
EndProject
Project("{2150E333-8FDC-42A3-9474-1A3956D46DE8}") = "Example3", "Example3", "{6951591D-CCF4-4BFB-AB65-D34F7236D736}"
EndProject
Project("{FAE04EC0-301F-11D3-BF4B-00C04F79EFBC}") = "LinkUp.Example3.Net45", "Testing\Example\Example3\LinkUp.Example3.Net45\LinkUp.Example3.Net45.csproj", "{49C2FB29-6176-4BBE-A662-901EEDDACCAA}"
EndProject
Project("{2150E333-8FDC-42A3-9474-1A3956D46DE8}") = "Example4", "Example4", "{B1D044CB-08DA-4246-BE40-A26E4AFBDA59}"
EndProject
Project("{FAE04EC0-301F-11D3-BF4B-00C04F79EFBC}") = "LinkUp.Example4.Net45", "Testing\Example\Example4\LinkUp.Example4.Net45\LinkUp.Example4.Net45.csproj", "{B3DABE37-5168-46C3-8F72-EA0888363C61}"
EndProject
Project("{2150E333-8FDC-42A3-9474-1A3956D46DE8}") = "Example5", "Example5", "{3FF977DE-F7BB-4C48-9657-C249778D847D}"
EndProject
Project("{FAE04EC0-301F-11D3-BF4B-00C04F79EFBC}") = "LinkUp.Example5.Net45", "Testing\Example\Example5\LinkUp.Example5.Net45\LinkUp.Example5.Net45.csproj", "{EC5CEA8C-D0F2-463C-8E9C-9CFC3228318F}"
EndProject
Project("{8BC9CEB8-8B4A-11D0-8D11-00A0C91BC942}") = "LinkUp.Example5.Cpp", "Testing\Example\Example5\LinkUp.Example5.Cpp\LinkUp.Example5.Cpp.vcxproj", "{4EE931F8-0759-4626-9950-EDD4D01AFB87}"
EndProject
Project("{2150E333-8FDC-42A3-9474-1A3956D46DE8}") = "Example6", "Example6", "{A5F51732-1421-474D-AEE5-0DA3E1C07936}"
EndProject
Project("{FAE04EC0-301F-11D3-BF4B-00C04F79EFBC}") = "LinkUp.Example6.Net45", "Testing\Example\Example6\LinkUp.Example6.Net45\LinkUp.Example6.Net45.csproj", "{F51AE9C9-9529-4BA1-A663-489B0E83C061}"
EndProject
Project("{2150E333-8FDC-42A3-9474-1A3956D46DE8}") = "Example7", "Example7", "{236EEBB3-152D-4772-A02D-3779D3DA2C3F}"
EndProject
Project("{FAE04EC0-301F-11D3-BF4B-00C04F79EFBC}") = "LinkUp.Example7.Net45", "Testing\Example\Example7\LinkUp.Example7.Net45\LinkUp.Example7.Net45.csproj", "{824C3DEF-DE4F-41BA-9768-842D5919CAFF}"
EndProject
Project("{2150E333-8FDC-42A3-9474-1A3956D46DE8}") = "Example8", "Example8", "{0CFDE839-E36B-4CDA-A764-1EB16C436BD2}"
EndProject
Project("{FAE04EC0-301F-11D3-BF4B-00C04F79EFBC}") = "LinkUp.Example8.Server.Net45", "Testing\Example\Example8\LinkUp.Example8.Server.Net45\LinkUp.Example8.Server.Net45.csproj", "{2510DEAC-D07C-406F-BD8B-DFC91B772267}"
EndProject
Project("{FAE04EC0-301F-11D3-BF4B-00C04F79EFBC}") = "LinkUp.Example8.Client.Net45", "Testing\Example\Example8\LinkUp.Example8.Client.Net45\LinkUp.Example8.Client.Net45.csproj", "{759204EF-6EF4-490D-9BCF-5CE3FE0A5280}"
EndProject
Project("{8BC9CEB8-8B4A-11D0-8D11-00A0C91BC942}") = "LinkUp.Cpp", "LinkUp.Cpp\LinkUp.Cpp.vcxitems", "{45D41ACC-2C3C-43D2-BC10-02AA73FFC7C7}"
EndProject
Project("{8BC9CEB8-8B4A-11D0-8D11-00A0C91BC942}") = "LinkUp.Example7.Cpp", "Testing\Example\Example7\LinkUp.Example7.Cpp\LinkUp.Example7.Cpp.vcxproj", "{CBC4A46F-F8B9-4731-A9A9-3B3510CA383E}"
EndProject
Project("{2150E333-8FDC-42A3-9474-1A3956D46DE8}") = "LinkUp.Cs", "LinkUp.Cs", "{39CFB89F-F84C-4ED4-80D2-22942D2476D1}"
EndProject
Project("{9A19103F-16F7-4668-BE54-9A1E7A4F7556}") = "LinkUp.Cs", "LinkUp.Cs\LinkUp.Cs.csproj", "{72A7A563-4DC8-45D6-8360-0ECEF4747821}"
EndProject
Global
	GlobalSection(SolutionConfigurationPlatforms) = preSolution
		Debug|Any CPU = Debug|Any CPU
		Debug|ARM = Debug|ARM
		Debug|x64 = Debug|x64
		Debug|x86 = Debug|x86
		Release|Any CPU = Release|Any CPU
		Release|ARM = Release|ARM
		Release|x64 = Release|x64
		Release|x86 = Release|x86
	EndGlobalSection
	GlobalSection(ProjectConfigurationPlatforms) = postSolution
		{BEDC8AB7-9FEB-42D1-9229-105A849BA6F3}.Debug|Any CPU.ActiveCfg = Debug|Any CPU
		{BEDC8AB7-9FEB-42D1-9229-105A849BA6F3}.Debug|Any CPU.Build.0 = Debug|Any CPU
		{BEDC8AB7-9FEB-42D1-9229-105A849BA6F3}.Debug|ARM.ActiveCfg = Debug|Any CPU
		{BEDC8AB7-9FEB-42D1-9229-105A849BA6F3}.Debug|ARM.Build.0 = Debug|Any CPU
		{BEDC8AB7-9FEB-42D1-9229-105A849BA6F3}.Debug|x64.ActiveCfg = Debug|Any CPU
		{BEDC8AB7-9FEB-42D1-9229-105A849BA6F3}.Debug|x64.Build.0 = Debug|Any CPU
		{BEDC8AB7-9FEB-42D1-9229-105A849BA6F3}.Debug|x86.ActiveCfg = Debug|Any CPU
		{BEDC8AB7-9FEB-42D1-9229-105A849BA6F3}.Debug|x86.Build.0 = Debug|Any CPU
		{BEDC8AB7-9FEB-42D1-9229-105A849BA6F3}.Release|Any CPU.ActiveCfg = Release|Any CPU
		{BEDC8AB7-9FEB-42D1-9229-105A849BA6F3}.Release|Any CPU.Build.0 = Release|Any CPU
		{BEDC8AB7-9FEB-42D1-9229-105A849BA6F3}.Release|ARM.ActiveCfg = Release|Any CPU
		{BEDC8AB7-9FEB-42D1-9229-105A849BA6F3}.Release|ARM.Build.0 = Release|Any CPU
		{BEDC8AB7-9FEB-42D1-9229-105A849BA6F3}.Release|x64.ActiveCfg = Release|Any CPU
		{BEDC8AB7-9FEB-42D1-9229-105A849BA6F3}.Release|x64.Build.0 = Release|Any CPU
		{BEDC8AB7-9FEB-42D1-9229-105A849BA6F3}.Release|x86.ActiveCfg = Release|Any CPU
		{BEDC8AB7-9FEB-42D1-9229-105A849BA6F3}.Release|x86.Build.0 = Release|Any CPU
		{DE5A7366-84E7-4FA5-9B61-DF8AAE013D5A}.Debug|Any CPU.ActiveCfg = Debug|Any CPU
		{DE5A7366-84E7-4FA5-9B61-DF8AAE013D5A}.Debug|Any CPU.Build.0 = Debug|Any CPU
		{DE5A7366-84E7-4FA5-9B61-DF8AAE013D5A}.Debug|ARM.ActiveCfg = Debug|Any CPU
		{DE5A7366-84E7-4FA5-9B61-DF8AAE013D5A}.Debug|ARM.Build.0 = Debug|Any CPU
		{DE5A7366-84E7-4FA5-9B61-DF8AAE013D5A}.Debug|x64.ActiveCfg = Debug|Any CPU
		{DE5A7366-84E7-4FA5-9B61-DF8AAE013D5A}.Debug|x64.Build.0 = Debug|Any CPU
		{DE5A7366-84E7-4FA5-9B61-DF8AAE013D5A}.Debug|x86.ActiveCfg = Debug|Any CPU
		{DE5A7366-84E7-4FA5-9B61-DF8AAE013D5A}.Debug|x86.Build.0 = Debug|Any CPU
		{DE5A7366-84E7-4FA5-9B61-DF8AAE013D5A}.Release|Any CPU.ActiveCfg = Release|Any CPU
		{DE5A7366-84E7-4FA5-9B61-DF8AAE013D5A}.Release|Any CPU.Build.0 = Release|Any CPU
		{DE5A7366-84E7-4FA5-9B61-DF8AAE013D5A}.Release|ARM.ActiveCfg = Release|Any CPU
		{DE5A7366-84E7-4FA5-9B61-DF8AAE013D5A}.Release|ARM.Build.0 = Release|Any CPU
		{DE5A7366-84E7-4FA5-9B61-DF8AAE013D5A}.Release|x64.ActiveCfg = Release|Any CPU
		{DE5A7366-84E7-4FA5-9B61-DF8AAE013D5A}.Release|x64.Build.0 = Release|Any CPU
		{DE5A7366-84E7-4FA5-9B61-DF8AAE013D5A}.Release|x86.ActiveCfg = Release|Any CPU
		{DE5A7366-84E7-4FA5-9B61-DF8AAE013D5A}.Release|x86.Build.0 = Release|Any CPU
		{49C2FB29-6176-4BBE-A662-901EEDDACCAA}.Debug|Any CPU.ActiveCfg = Debug|Any CPU
		{49C2FB29-6176-4BBE-A662-901EEDDACCAA}.Debug|Any CPU.Build.0 = Debug|Any CPU
		{49C2FB29-6176-4BBE-A662-901EEDDACCAA}.Debug|ARM.ActiveCfg = Debug|Any CPU
		{49C2FB29-6176-4BBE-A662-901EEDDACCAA}.Debug|ARM.Build.0 = Debug|Any CPU
		{49C2FB29-6176-4BBE-A662-901EEDDACCAA}.Debug|x64.ActiveCfg = Debug|Any CPU
		{49C2FB29-6176-4BBE-A662-901EEDDACCAA}.Debug|x64.Build.0 = Debug|Any CPU
		{49C2FB29-6176-4BBE-A662-901EEDDACCAA}.Debug|x86.ActiveCfg = Debug|Any CPU
		{49C2FB29-6176-4BBE-A662-901EEDDACCAA}.Debug|x86.Build.0 = Debug|Any CPU
		{49C2FB29-6176-4BBE-A662-901EEDDACCAA}.Release|Any CPU.ActiveCfg = Release|Any CPU
		{49C2FB29-6176-4BBE-A662-901EEDDACCAA}.Release|Any CPU.Build.0 = Release|Any CPU
		{49C2FB29-6176-4BBE-A662-901EEDDACCAA}.Release|ARM.ActiveCfg = Release|Any CPU
		{49C2FB29-6176-4BBE-A662-901EEDDACCAA}.Release|ARM.Build.0 = Release|Any CPU
		{49C2FB29-6176-4BBE-A662-901EEDDACCAA}.Release|x64.ActiveCfg = Release|Any CPU
		{49C2FB29-6176-4BBE-A662-901EEDDACCAA}.Release|x64.Build.0 = Release|Any CPU
		{49C2FB29-6176-4BBE-A662-901EEDDACCAA}.Release|x86.ActiveCfg = Release|Any CPU
		{49C2FB29-6176-4BBE-A662-901EEDDACCAA}.Release|x86.Build.0 = Release|Any CPU
		{B3DABE37-5168-46C3-8F72-EA0888363C61}.Debug|Any CPU.ActiveCfg = Debug|Any CPU
		{B3DABE37-5168-46C3-8F72-EA0888363C61}.Debug|Any CPU.Build.0 = Debug|Any CPU
		{B3DABE37-5168-46C3-8F72-EA0888363C61}.Debug|ARM.ActiveCfg = Debug|Any CPU
		{B3DABE37-5168-46C3-8F72-EA0888363C61}.Debug|ARM.Build.0 = Debug|Any CPU
		{B3DABE37-5168-46C3-8F72-EA0888363C61}.Debug|x64.ActiveCfg = Debug|Any CPU
		{B3DABE37-5168-46C3-8F72-EA0888363C61}.Debug|x64.Build.0 = Debug|Any CPU
		{B3DABE37-5168-46C3-8F72-EA0888363C61}.Debug|x86.ActiveCfg = Debug|Any CPU
		{B3DABE37-5168-46C3-8F72-EA0888363C61}.Debug|x86.Build.0 = Debug|Any CPU
		{B3DABE37-5168-46C3-8F72-EA0888363C61}.Release|Any CPU.ActiveCfg = Release|Any CPU
		{B3DABE37-5168-46C3-8F72-EA0888363C61}.Release|Any CPU.Build.0 = Release|Any CPU
		{B3DABE37-5168-46C3-8F72-EA0888363C61}.Release|ARM.ActiveCfg = Release|Any CPU
		{B3DABE37-5168-46C3-8F72-EA0888363C61}.Release|ARM.Build.0 = Release|Any CPU
		{B3DABE37-5168-46C3-8F72-EA0888363C61}.Release|x64.ActiveCfg = Release|Any CPU
		{B3DABE37-5168-46C3-8F72-EA0888363C61}.Release|x64.Build.0 = Release|Any CPU
		{B3DABE37-5168-46C3-8F72-EA0888363C61}.Release|x86.ActiveCfg = Release|Any CPU
		{B3DABE37-5168-46C3-8F72-EA0888363C61}.Release|x86.Build.0 = Release|Any CPU
		{EC5CEA8C-D0F2-463C-8E9C-9CFC3228318F}.Debug|Any CPU.ActiveCfg = Debug|Any CPU
		{EC5CEA8C-D0F2-463C-8E9C-9CFC3228318F}.Debug|Any CPU.Build.0 = Debug|Any CPU
		{EC5CEA8C-D0F2-463C-8E9C-9CFC3228318F}.Debug|ARM.ActiveCfg = Debug|Any CPU
		{EC5CEA8C-D0F2-463C-8E9C-9CFC3228318F}.Debug|ARM.Build.0 = Debug|Any CPU
		{EC5CEA8C-D0F2-463C-8E9C-9CFC3228318F}.Debug|x64.ActiveCfg = Debug|Any CPU
		{EC5CEA8C-D0F2-463C-8E9C-9CFC3228318F}.Debug|x64.Build.0 = Debug|Any CPU
		{EC5CEA8C-D0F2-463C-8E9C-9CFC3228318F}.Debug|x86.ActiveCfg = Debug|Any CPU
		{EC5CEA8C-D0F2-463C-8E9C-9CFC3228318F}.Debug|x86.Build.0 = Debug|Any CPU
		{EC5CEA8C-D0F2-463C-8E9C-9CFC3228318F}.Release|Any CPU.ActiveCfg = Release|Any CPU
		{EC5CEA8C-D0F2-463C-8E9C-9CFC3228318F}.Release|Any CPU.Build.0 = Release|Any CPU
		{EC5CEA8C-D0F2-463C-8E9C-9CFC3228318F}.Release|ARM.ActiveCfg = Release|Any CPU
		{EC5CEA8C-D0F2-463C-8E9C-9CFC3228318F}.Release|ARM.Build.0 = Release|Any CPU
		{EC5CEA8C-D0F2-463C-8E9C-9CFC3228318F}.Release|x64.ActiveCfg = Release|Any CPU
		{EC5CEA8C-D0F2-463C-8E9C-9CFC3228318F}.Release|x64.Build.0 = Release|Any CPU
		{EC5CEA8C-D0F2-463C-8E9C-9CFC3228318F}.Release|x86.ActiveCfg = Release|Any CPU
		{EC5CEA8C-D0F2-463C-8E9C-9CFC3228318F}.Release|x86.Build.0 = Release|Any CPU
		{4EE931F8-0759-4626-9950-EDD4D01AFB87}.Debug|Any CPU.ActiveCfg = Debug|Win32
		{4EE931F8-0759-4626-9950-EDD4D01AFB87}.Debug|ARM.ActiveCfg = Debug|Win32
		{4EE931F8-0759-4626-9950-EDD4D01AFB87}.Debug|x64.ActiveCfg = Debug|x64
		{4EE931F8-0759-4626-9950-EDD4D01AFB87}.Debug|x64.Build.0 = Debug|x64
		{4EE931F8-0759-4626-9950-EDD4D01AFB87}.Debug|x86.ActiveCfg = Debug|Win32
		{4EE931F8-0759-4626-9950-EDD4D01AFB87}.Debug|x86.Build.0 = Debug|Win32
		{4EE931F8-0759-4626-9950-EDD4D01AFB87}.Release|Any CPU.ActiveCfg = Release|Win32
		{4EE931F8-0759-4626-9950-EDD4D01AFB87}.Release|ARM.ActiveCfg = Release|Win32
		{4EE931F8-0759-4626-9950-EDD4D01AFB87}.Release|x64.ActiveCfg = Release|x64
		{4EE931F8-0759-4626-9950-EDD4D01AFB87}.Release|x64.Build.0 = Release|x64
		{4EE931F8-0759-4626-9950-EDD4D01AFB87}.Release|x86.ActiveCfg = Release|Win32
		{4EE931F8-0759-4626-9950-EDD4D01AFB87}.Release|x86.Build.0 = Release|Win32
		{F51AE9C9-9529-4BA1-A663-489B0E83C061}.Debug|Any CPU.ActiveCfg = Debug|Any CPU
		{F51AE9C9-9529-4BA1-A663-489B0E83C061}.Debug|Any CPU.Build.0 = Debug|Any CPU
		{F51AE9C9-9529-4BA1-A663-489B0E83C061}.Debug|ARM.ActiveCfg = Debug|Any CPU
		{F51AE9C9-9529-4BA1-A663-489B0E83C061}.Debug|ARM.Build.0 = Debug|Any CPU
		{F51AE9C9-9529-4BA1-A663-489B0E83C061}.Debug|x64.ActiveCfg = Debug|Any CPU
		{F51AE9C9-9529-4BA1-A663-489B0E83C061}.Debug|x64.Build.0 = Debug|Any CPU
		{F51AE9C9-9529-4BA1-A663-489B0E83C061}.Debug|x86.ActiveCfg = Debug|Any CPU
		{F51AE9C9-9529-4BA1-A663-489B0E83C061}.Debug|x86.Build.0 = Debug|Any CPU
		{F51AE9C9-9529-4BA1-A663-489B0E83C061}.Release|Any CPU.ActiveCfg = Release|Any CPU
		{F51AE9C9-9529-4BA1-A663-489B0E83C061}.Release|Any CPU.Build.0 = Release|Any CPU
		{F51AE9C9-9529-4BA1-A663-489B0E83C061}.Release|ARM.ActiveCfg = Release|Any CPU
		{F51AE9C9-9529-4BA1-A663-489B0E83C061}.Release|ARM.Build.0 = Release|Any CPU
		{F51AE9C9-9529-4BA1-A663-489B0E83C061}.Release|x64.ActiveCfg = Release|Any CPU
		{F51AE9C9-9529-4BA1-A663-489B0E83C061}.Release|x64.Build.0 = Release|Any CPU
		{F51AE9C9-9529-4BA1-A663-489B0E83C061}.Release|x86.ActiveCfg = Release|Any CPU
		{F51AE9C9-9529-4BA1-A663-489B0E83C061}.Release|x86.Build.0 = Release|Any CPU
		{824C3DEF-DE4F-41BA-9768-842D5919CAFF}.Debug|Any CPU.ActiveCfg = Debug|Any CPU
		{824C3DEF-DE4F-41BA-9768-842D5919CAFF}.Debug|Any CPU.Build.0 = Debug|Any CPU
		{824C3DEF-DE4F-41BA-9768-842D5919CAFF}.Debug|ARM.ActiveCfg = Debug|Any CPU
		{824C3DEF-DE4F-41BA-9768-842D5919CAFF}.Debug|ARM.Build.0 = Debug|Any CPU
		{824C3DEF-DE4F-41BA-9768-842D5919CAFF}.Debug|x64.ActiveCfg = Debug|Any CPU
		{824C3DEF-DE4F-41BA-9768-842D5919CAFF}.Debug|x64.Build.0 = Debug|Any CPU
		{824C3DEF-DE4F-41BA-9768-842D5919CAFF}.Debug|x86.ActiveCfg = Debug|Any CPU
		{824C3DEF-DE4F-41BA-9768-842D5919CAFF}.Debug|x86.Build.0 = Debug|Any CPU
		{824C3DEF-DE4F-41BA-9768-842D5919CAFF}.Release|Any CPU.ActiveCfg = Release|Any CPU
		{824C3DEF-DE4F-41BA-9768-842D5919CAFF}.Release|Any CPU.Build.0 = Release|Any CPU
		{824C3DEF-DE4F-41BA-9768-842D5919CAFF}.Release|ARM.ActiveCfg = Release|Any CPU
		{824C3DEF-DE4F-41BA-9768-842D5919CAFF}.Release|ARM.Build.0 = Release|Any CPU
		{824C3DEF-DE4F-41BA-9768-842D5919CAFF}.Release|x64.ActiveCfg = Release|Any CPU
		{824C3DEF-DE4F-41BA-9768-842D5919CAFF}.Release|x64.Build.0 = Release|Any CPU
		{824C3DEF-DE4F-41BA-9768-842D5919CAFF}.Release|x86.ActiveCfg = Release|Any CPU
		{824C3DEF-DE4F-41BA-9768-842D5919CAFF}.Release|x86.Build.0 = Release|Any CPU
		{2510DEAC-D07C-406F-BD8B-DFC91B772267}.Debug|Any CPU.ActiveCfg = Debug|Any CPU
		{2510DEAC-D07C-406F-BD8B-DFC91B772267}.Debug|Any CPU.Build.0 = Debug|Any CPU
		{2510DEAC-D07C-406F-BD8B-DFC91B772267}.Debug|ARM.ActiveCfg = Debug|Any CPU
		{2510DEAC-D07C-406F-BD8B-DFC91B772267}.Debug|ARM.Build.0 = Debug|Any CPU
		{2510DEAC-D07C-406F-BD8B-DFC91B772267}.Debug|x64.ActiveCfg = Debug|Any CPU
		{2510DEAC-D07C-406F-BD8B-DFC91B772267}.Debug|x64.Build.0 = Debug|Any CPU
		{2510DEAC-D07C-406F-BD8B-DFC91B772267}.Debug|x86.ActiveCfg = Debug|Any CPU
		{2510DEAC-D07C-406F-BD8B-DFC91B772267}.Debug|x86.Build.0 = Debug|Any CPU
		{2510DEAC-D07C-406F-BD8B-DFC91B772267}.Release|Any CPU.ActiveCfg = Release|Any CPU
		{2510DEAC-D07C-406F-BD8B-DFC91B772267}.Release|Any CPU.Build.0 = Release|Any CPU
		{2510DEAC-D07C-406F-BD8B-DFC91B772267}.Release|ARM.ActiveCfg = Release|Any CPU
		{2510DEAC-D07C-406F-BD8B-DFC91B772267}.Release|ARM.Build.0 = Release|Any CPU
		{2510DEAC-D07C-406F-BD8B-DFC91B772267}.Release|x64.ActiveCfg = Release|Any CPU
		{2510DEAC-D07C-406F-BD8B-DFC91B772267}.Release|x64.Build.0 = Release|Any CPU
		{2510DEAC-D07C-406F-BD8B-DFC91B772267}.Release|x86.ActiveCfg = Release|Any CPU
		{2510DEAC-D07C-406F-BD8B-DFC91B772267}.Release|x86.Build.0 = Release|Any CPU
		{759204EF-6EF4-490D-9BCF-5CE3FE0A5280}.Debug|Any CPU.ActiveCfg = Debug|Any CPU
		{759204EF-6EF4-490D-9BCF-5CE3FE0A5280}.Debug|Any CPU.Build.0 = Debug|Any CPU
		{759204EF-6EF4-490D-9BCF-5CE3FE0A5280}.Debug|ARM.ActiveCfg = Debug|Any CPU
		{759204EF-6EF4-490D-9BCF-5CE3FE0A5280}.Debug|ARM.Build.0 = Debug|Any CPU
		{759204EF-6EF4-490D-9BCF-5CE3FE0A5280}.Debug|x64.ActiveCfg = Debug|Any CPU
		{759204EF-6EF4-490D-9BCF-5CE3FE0A5280}.Debug|x64.Build.0 = Debug|Any CPU
		{759204EF-6EF4-490D-9BCF-5CE3FE0A5280}.Debug|x86.ActiveCfg = Debug|Any CPU
		{759204EF-6EF4-490D-9BCF-5CE3FE0A5280}.Debug|x86.Build.0 = Debug|Any CPU
		{759204EF-6EF4-490D-9BCF-5CE3FE0A5280}.Release|Any CPU.ActiveCfg = Release|Any CPU
		{759204EF-6EF4-490D-9BCF-5CE3FE0A5280}.Release|Any CPU.Build.0 = Release|Any CPU
		{759204EF-6EF4-490D-9BCF-5CE3FE0A5280}.Release|ARM.ActiveCfg = Release|Any CPU
		{759204EF-6EF4-490D-9BCF-5CE3FE0A5280}.Release|ARM.Build.0 = Release|Any CPU
		{759204EF-6EF4-490D-9BCF-5CE3FE0A5280}.Release|x64.ActiveCfg = Release|Any CPU
		{759204EF-6EF4-490D-9BCF-5CE3FE0A5280}.Release|x64.Build.0 = Release|Any CPU
		{759204EF-6EF4-490D-9BCF-5CE3FE0A5280}.Release|x86.ActiveCfg = Release|Any CPU
		{759204EF-6EF4-490D-9BCF-5CE3FE0A5280}.Release|x86.Build.0 = Release|Any CPU
		{CBC4A46F-F8B9-4731-A9A9-3B3510CA383E}.Debug|Any CPU.ActiveCfg = Debug|x64
		{CBC4A46F-F8B9-4731-A9A9-3B3510CA383E}.Debug|Any CPU.Build.0 = Debug|x64
		{CBC4A46F-F8B9-4731-A9A9-3B3510CA383E}.Debug|ARM.ActiveCfg = Debug|x64
		{CBC4A46F-F8B9-4731-A9A9-3B3510CA383E}.Debug|ARM.Build.0 = Debug|x64
		{CBC4A46F-F8B9-4731-A9A9-3B3510CA383E}.Debug|x64.ActiveCfg = Debug|x64
		{CBC4A46F-F8B9-4731-A9A9-3B3510CA383E}.Debug|x64.Build.0 = Debug|x64
		{CBC4A46F-F8B9-4731-A9A9-3B3510CA383E}.Debug|x86.ActiveCfg = Debug|Win32
		{CBC4A46F-F8B9-4731-A9A9-3B3510CA383E}.Debug|x86.Build.0 = Debug|Win32
		{CBC4A46F-F8B9-4731-A9A9-3B3510CA383E}.Release|Any CPU.ActiveCfg = Release|x64
		{CBC4A46F-F8B9-4731-A9A9-3B3510CA383E}.Release|Any CPU.Build.0 = Release|x64
		{CBC4A46F-F8B9-4731-A9A9-3B3510CA383E}.Release|ARM.ActiveCfg = Release|x64
		{CBC4A46F-F8B9-4731-A9A9-3B3510CA383E}.Release|ARM.Build.0 = Release|x64
		{CBC4A46F-F8B9-4731-A9A9-3B3510CA383E}.Release|x64.ActiveCfg = Release|x64
		{CBC4A46F-F8B9-4731-A9A9-3B3510CA383E}.Release|x64.Build.0 = Release|x64
		{CBC4A46F-F8B9-4731-A9A9-3B3510CA383E}.Release|x86.ActiveCfg = Release|Win32
		{CBC4A46F-F8B9-4731-A9A9-3B3510CA383E}.Release|x86.Build.0 = Release|Win32
		{72A7A563-4DC8-45D6-8360-0ECEF4747821}.Debug|Any CPU.ActiveCfg = Debug|Any CPU
		{72A7A563-4DC8-45D6-8360-0ECEF4747821}.Debug|Any CPU.Build.0 = Debug|Any CPU
		{72A7A563-4DC8-45D6-8360-0ECEF4747821}.Debug|ARM.ActiveCfg = Debug|Any CPU
		{72A7A563-4DC8-45D6-8360-0ECEF4747821}.Debug|ARM.Build.0 = Debug|Any CPU
		{72A7A563-4DC8-45D6-8360-0ECEF4747821}.Debug|x64.ActiveCfg = Debug|Any CPU
		{72A7A563-4DC8-45D6-8360-0ECEF4747821}.Debug|x64.Build.0 = Debug|Any CPU
		{72A7A563-4DC8-45D6-8360-0ECEF4747821}.Debug|x86.ActiveCfg = Debug|Any CPU
		{72A7A563-4DC8-45D6-8360-0ECEF4747821}.Debug|x86.Build.0 = Debug|Any CPU
		{72A7A563-4DC8-45D6-8360-0ECEF4747821}.Release|Any CPU.ActiveCfg = Release|Any CPU
		{72A7A563-4DC8-45D6-8360-0ECEF4747821}.Release|Any CPU.Build.0 = Release|Any CPU
		{72A7A563-4DC8-45D6-8360-0ECEF4747821}.Release|ARM.ActiveCfg = Release|Any CPU
		{72A7A563-4DC8-45D6-8360-0ECEF4747821}.Release|ARM.Build.0 = Release|Any CPU
		{72A7A563-4DC8-45D6-8360-0ECEF4747821}.Release|x64.ActiveCfg = Release|Any CPU
		{72A7A563-4DC8-45D6-8360-0ECEF4747821}.Release|x64.Build.0 = Release|Any CPU
		{72A7A563-4DC8-45D6-8360-0ECEF4747821}.Release|x86.ActiveCfg = Release|Any CPU
		{72A7A563-4DC8-45D6-8360-0ECEF4747821}.Release|x86.Build.0 = Release|Any CPU
	EndGlobalSection
	GlobalSection(SolutionProperties) = preSolution
		HideSolutionNode = FALSE
	EndGlobalSection
	GlobalSection(NestedProjects) = preSolution
		{A1C6404D-7FAB-4FD7-B290-F4153A4CD19D} = {24E3D30C-E95A-4D76-98AF-39CCC560F73D}
		{5C3173B2-034F-46F1-95F5-253E8431084C} = {A1C6404D-7FAB-4FD7-B290-F4153A4CD19D}
		{BEDC8AB7-9FEB-42D1-9229-105A849BA6F3} = {5C3173B2-034F-46F1-95F5-253E8431084C}
		{796456EA-1B5A-4EA7-B177-4FAC5F0D286A} = {A1C6404D-7FAB-4FD7-B290-F4153A4CD19D}
		{DE5A7366-84E7-4FA5-9B61-DF8AAE013D5A} = {796456EA-1B5A-4EA7-B177-4FAC5F0D286A}
		{6951591D-CCF4-4BFB-AB65-D34F7236D736} = {A1C6404D-7FAB-4FD7-B290-F4153A4CD19D}
		{49C2FB29-6176-4BBE-A662-901EEDDACCAA} = {6951591D-CCF4-4BFB-AB65-D34F7236D736}
		{B1D044CB-08DA-4246-BE40-A26E4AFBDA59} = {A1C6404D-7FAB-4FD7-B290-F4153A4CD19D}
		{B3DABE37-5168-46C3-8F72-EA0888363C61} = {B1D044CB-08DA-4246-BE40-A26E4AFBDA59}
		{3FF977DE-F7BB-4C48-9657-C249778D847D} = {A1C6404D-7FAB-4FD7-B290-F4153A4CD19D}
		{EC5CEA8C-D0F2-463C-8E9C-9CFC3228318F} = {3FF977DE-F7BB-4C48-9657-C249778D847D}
		{4EE931F8-0759-4626-9950-EDD4D01AFB87} = {3FF977DE-F7BB-4C48-9657-C249778D847D}
		{A5F51732-1421-474D-AEE5-0DA3E1C07936} = {A1C6404D-7FAB-4FD7-B290-F4153A4CD19D}
		{F51AE9C9-9529-4BA1-A663-489B0E83C061} = {A5F51732-1421-474D-AEE5-0DA3E1C07936}
		{236EEBB3-152D-4772-A02D-3779D3DA2C3F} = {A1C6404D-7FAB-4FD7-B290-F4153A4CD19D}
		{824C3DEF-DE4F-41BA-9768-842D5919CAFF} = {236EEBB3-152D-4772-A02D-3779D3DA2C3F}
		{0CFDE839-E36B-4CDA-A764-1EB16C436BD2} = {A1C6404D-7FAB-4FD7-B290-F4153A4CD19D}
		{2510DEAC-D07C-406F-BD8B-DFC91B772267} = {0CFDE839-E36B-4CDA-A764-1EB16C436BD2}
		{759204EF-6EF4-490D-9BCF-5CE3FE0A5280} = {0CFDE839-E36B-4CDA-A764-1EB16C436BD2}
		{45D41ACC-2C3C-43D2-BC10-02AA73FFC7C7} = {4E0ECFF1-9728-4DDB-B175-8C7DBC15A54F}
		{CBC4A46F-F8B9-4731-A9A9-3B3510CA383E} = {236EEBB3-152D-4772-A02D-3779D3DA2C3F}
		{72A7A563-4DC8-45D6-8360-0ECEF4747821} = {39CFB89F-F84C-4ED4-80D2-22942D2476D1}
	EndGlobalSection
	GlobalSection(ExtensibilityGlobals) = postSolution
		SolutionGuid = {68B5C56E-8885-410E-8FE7-97DD65BCE5B1}
	EndGlobalSection
	GlobalSection(SharedMSBuildProjectFiles) = preSolution
		LinkUp.Cpp\LinkUp.Cpp.vcxitems*{45d41acc-2c3c-43d2-bc10-02aa73ffc7c7}*SharedItemsImports = 9
		LinkUp.Cpp\LinkUp.Cpp.vcxitems*{4ee931f8-0759-4626-9950-edd4d01afb87}*SharedItemsImports = 4
		LinkUp.Cpp\LinkUp.Cpp.vcxitems*{cbc4a46f-f8b9-4731-a9a9-3b3510ca383e}*SharedItemsImports = 4
	EndGlobalSection
	GlobalSection(Performance) = preSolution
		HasPerformanceSessions = true
	EndGlobalSection
	GlobalSection(Performance) = preSolution
		HasPerformanceSessions = true
	EndGlobalSection
	GlobalSection(Performance) = preSolution
		HasPerformanceSessions = true
	EndGlobalSection
EndGlobal
