
Microsoft Visual Studio Solution File, Format Version 12.00
# Visual Studio 14
VisualStudioVersion = 14.0.25420.1
MinimumVisualStudioVersion = 10.0.40219.1
Project("{2150E333-8FDC-42A3-9474-1A3956D46DE8}") = "LinkUp.Arduino", "LinkUp.Arduino", "{4E0ECFF1-9728-4DDB-B175-8C7DBC15A54F}"
EndProject
Project("{2150E333-8FDC-42A3-9474-1A3956D46DE8}") = "LinkUp.Portable", "LinkUp.Portable", "{A43D0631-B767-4470-BD24-15FB011B7311}"
EndProject
Project("{2150E333-8FDC-42A3-9474-1A3956D46DE8}") = "LinkUp.Net45", "LinkUp.Net45", "{8074029D-0CD3-4B47-BA4F-5D3F7C202D6B}"
EndProject
Project("{2150E333-8FDC-42A3-9474-1A3956D46DE8}") = "Testing", "Testing", "{24E3D30C-E95A-4D76-98AF-39CCC560F73D}"
EndProject
Project("{2150E333-8FDC-42A3-9474-1A3956D46DE8}") = "Arduino", "Arduino", "{B84C185A-59B2-4075-8832-2DC8B98AB42B}"
EndProject
Project("{2150E333-8FDC-42A3-9474-1A3956D46DE8}") = "Net45", "Net45", "{4EF0631F-9AA4-4202-81ED-E873A309AFEC}"
EndProject
Project("{8BC9CEB8-8B4A-11D0-8D11-00A0C91BC942}") = "LinkUp.Arduino", "LinkUp.Arduino\LinkUp.Arduino.vcxitems", "{45D41ACC-2C3C-43D2-BC10-02AA73FFC7C7}"
EndProject
Project("{FAE04EC0-301F-11D3-BF4B-00C04F79EFBC}") = "LinkUp.Net45", "LinkUp.Net45\LinkUp.Net45.csproj", "{45736F30-B280-4DBA-BE6E-0F1B76EA6E5E}"
EndProject
Project("{FAE04EC0-301F-11D3-BF4B-00C04F79EFBC}") = "LinkUp.Portable", "LinkUp.Portable\LinkUp.Portable.csproj", "{289814D8-DCA6-42DA-BE76-F2F7A2C355A5}"
EndProject
Project("{2150E333-8FDC-42A3-9474-1A3956D46DE8}") = "LinkUp.Shared", "LinkUp.Shared", "{04196512-6052-49D2-B86B-B590F5110109}"
EndProject
Project("{D954291E-2A0B-460D-934E-DC6B0785DB48}") = "LinkUp.Shared", "LinkUp.Shared\LinkUp.Shared.shproj", "{F907C3A5-B8EF-4DFF-8B18-1CDBC9A7F6CE}"
EndProject
Project("{FAE04EC0-301F-11D3-BF4B-00C04F79EFBC}") = "LinkUp.Testing.Net45", "Testing\LinkUp.Testing.Net45\LinkUp.Testing.Net45.csproj", "{44F3E4A7-5D2F-4AAE-B6C0-8DD7ACB50D6C}"
EndProject
Project("{8BC9CEB8-8B4A-11D0-8D11-00A0C91BC942}") = "Testing", "Testing\LinkUp.Testing.Arduino\Testing.vcxproj", "{C5F80730-F44F-4478-BDAE-6634EFC2CA88}"
EndProject
Project("{FAE04EC0-301F-11D3-BF4B-00C04F79EFBC}") = "LinkUp.Testing.Net45.TestBrowser", "Testing\LinkUp.Testing.Net45.TestBrowser\LinkUp.Testing.Net45.TestBrowser.csproj", "{D708ADC8-BBA6-439E-BF58-F4B31C395D65}"
EndProject
Project("{FAE04EC0-301F-11D3-BF4B-00C04F79EFBC}") = "LinkUp.Testing.UnitTest", "Testing\LinkUp.Testing.UnitTest\LinkUp.Testing.UnitTest.csproj", "{54793D3A-AF92-4B56-BB9E-0A6E497417C7}"
EndProject
Project("{2150E333-8FDC-42A3-9474-1A3956D46DE8}") = "Examples", "Examples", "{A1C6404D-7FAB-4FD7-B290-F4153A4CD19D}"
EndProject
Project("{2150E333-8FDC-42A3-9474-1A3956D46DE8}") = "Other", "Other", "{471921C5-51B5-45F2-A9DF-DB4548F95BF3}"
EndProject
Project("{2150E333-8FDC-42A3-9474-1A3956D46DE8}") = "Example1", "Example1", "{5C3173B2-034F-46F1-95F5-253E8431084C}"
EndProject
Global
	GlobalSection(SharedMSBuildProjectFiles) = preSolution
		LinkUp.Shared\LinkUp.Shared.projitems*{289814d8-dca6-42da-be76-f2f7a2c355a5}*SharedItemsImports = 4
		LinkUp.Shared\LinkUp.Shared.projitems*{45736f30-b280-4dba-be6e-0f1b76ea6e5e}*SharedItemsImports = 4
		LinkUp.Arduino\LinkUp.Arduino.vcxitems*{45d41acc-2c3c-43d2-bc10-02aa73ffc7c7}*SharedItemsImports = 9
		LinkUp.Arduino\LinkUp.Arduino.vcxitems*{c5f80730-f44f-4478-bdae-6634efc2ca88}*SharedItemsImports = 4
		LinkUp.Shared\LinkUp.Shared.projitems*{f907c3a5-b8ef-4dff-8b18-1cdbc9a7f6ce}*SharedItemsImports = 13
	EndGlobalSection
	GlobalSection(SolutionConfigurationPlatforms) = preSolution
		Debug|Any CPU = Debug|Any CPU
		Debug|x86 = Debug|x86
		Release|Any CPU = Release|Any CPU
		Release|x86 = Release|x86
	EndGlobalSection
	GlobalSection(ProjectConfigurationPlatforms) = postSolution
		{45736F30-B280-4DBA-BE6E-0F1B76EA6E5E}.Debug|Any CPU.ActiveCfg = Debug|Any CPU
		{45736F30-B280-4DBA-BE6E-0F1B76EA6E5E}.Debug|Any CPU.Build.0 = Debug|Any CPU
		{45736F30-B280-4DBA-BE6E-0F1B76EA6E5E}.Debug|x86.ActiveCfg = Debug|Any CPU
		{45736F30-B280-4DBA-BE6E-0F1B76EA6E5E}.Debug|x86.Build.0 = Debug|Any CPU
		{45736F30-B280-4DBA-BE6E-0F1B76EA6E5E}.Release|Any CPU.ActiveCfg = Release|Any CPU
		{45736F30-B280-4DBA-BE6E-0F1B76EA6E5E}.Release|Any CPU.Build.0 = Release|Any CPU
		{45736F30-B280-4DBA-BE6E-0F1B76EA6E5E}.Release|x86.ActiveCfg = Release|Any CPU
		{45736F30-B280-4DBA-BE6E-0F1B76EA6E5E}.Release|x86.Build.0 = Release|Any CPU
		{289814D8-DCA6-42DA-BE76-F2F7A2C355A5}.Debug|Any CPU.ActiveCfg = Debug|Any CPU
		{289814D8-DCA6-42DA-BE76-F2F7A2C355A5}.Debug|Any CPU.Build.0 = Debug|Any CPU
		{289814D8-DCA6-42DA-BE76-F2F7A2C355A5}.Debug|x86.ActiveCfg = Debug|Any CPU
		{289814D8-DCA6-42DA-BE76-F2F7A2C355A5}.Debug|x86.Build.0 = Debug|Any CPU
		{289814D8-DCA6-42DA-BE76-F2F7A2C355A5}.Release|Any CPU.ActiveCfg = Release|Any CPU
		{289814D8-DCA6-42DA-BE76-F2F7A2C355A5}.Release|Any CPU.Build.0 = Release|Any CPU
		{289814D8-DCA6-42DA-BE76-F2F7A2C355A5}.Release|x86.ActiveCfg = Release|Any CPU
		{289814D8-DCA6-42DA-BE76-F2F7A2C355A5}.Release|x86.Build.0 = Release|Any CPU
		{44F3E4A7-5D2F-4AAE-B6C0-8DD7ACB50D6C}.Debug|Any CPU.ActiveCfg = Debug|Any CPU
		{44F3E4A7-5D2F-4AAE-B6C0-8DD7ACB50D6C}.Debug|Any CPU.Build.0 = Debug|Any CPU
		{44F3E4A7-5D2F-4AAE-B6C0-8DD7ACB50D6C}.Debug|x86.ActiveCfg = Debug|Any CPU
		{44F3E4A7-5D2F-4AAE-B6C0-8DD7ACB50D6C}.Debug|x86.Build.0 = Debug|Any CPU
		{44F3E4A7-5D2F-4AAE-B6C0-8DD7ACB50D6C}.Release|Any CPU.ActiveCfg = Release|Any CPU
		{44F3E4A7-5D2F-4AAE-B6C0-8DD7ACB50D6C}.Release|Any CPU.Build.0 = Release|Any CPU
		{44F3E4A7-5D2F-4AAE-B6C0-8DD7ACB50D6C}.Release|x86.ActiveCfg = Release|Any CPU
		{44F3E4A7-5D2F-4AAE-B6C0-8DD7ACB50D6C}.Release|x86.Build.0 = Release|Any CPU
		{C5F80730-F44F-4478-BDAE-6634EFC2CA88}.Debug|Any CPU.ActiveCfg = Debug|Win32
		{C5F80730-F44F-4478-BDAE-6634EFC2CA88}.Debug|x86.ActiveCfg = Debug|Win32
		{C5F80730-F44F-4478-BDAE-6634EFC2CA88}.Release|Any CPU.ActiveCfg = Release|Win32
		{C5F80730-F44F-4478-BDAE-6634EFC2CA88}.Release|x86.ActiveCfg = Release|Win32
		{D708ADC8-BBA6-439E-BF58-F4B31C395D65}.Debug|Any CPU.ActiveCfg = Debug|Any CPU
		{D708ADC8-BBA6-439E-BF58-F4B31C395D65}.Debug|Any CPU.Build.0 = Debug|Any CPU
		{D708ADC8-BBA6-439E-BF58-F4B31C395D65}.Debug|x86.ActiveCfg = Debug|Any CPU
		{D708ADC8-BBA6-439E-BF58-F4B31C395D65}.Debug|x86.Build.0 = Debug|Any CPU
		{D708ADC8-BBA6-439E-BF58-F4B31C395D65}.Release|Any CPU.ActiveCfg = Release|Any CPU
		{D708ADC8-BBA6-439E-BF58-F4B31C395D65}.Release|Any CPU.Build.0 = Release|Any CPU
		{D708ADC8-BBA6-439E-BF58-F4B31C395D65}.Release|x86.ActiveCfg = Release|Any CPU
		{D708ADC8-BBA6-439E-BF58-F4B31C395D65}.Release|x86.Build.0 = Release|Any CPU
		{54793D3A-AF92-4B56-BB9E-0A6E497417C7}.Debug|Any CPU.ActiveCfg = Debug|Any CPU
		{54793D3A-AF92-4B56-BB9E-0A6E497417C7}.Debug|Any CPU.Build.0 = Debug|Any CPU
		{54793D3A-AF92-4B56-BB9E-0A6E497417C7}.Debug|x86.ActiveCfg = Debug|Any CPU
		{54793D3A-AF92-4B56-BB9E-0A6E497417C7}.Debug|x86.Build.0 = Debug|Any CPU
		{54793D3A-AF92-4B56-BB9E-0A6E497417C7}.Release|Any CPU.ActiveCfg = Release|Any CPU
		{54793D3A-AF92-4B56-BB9E-0A6E497417C7}.Release|Any CPU.Build.0 = Release|Any CPU
		{54793D3A-AF92-4B56-BB9E-0A6E497417C7}.Release|x86.ActiveCfg = Release|Any CPU
		{54793D3A-AF92-4B56-BB9E-0A6E497417C7}.Release|x86.Build.0 = Release|Any CPU
	EndGlobalSection
	GlobalSection(SolutionProperties) = preSolution
		HideSolutionNode = FALSE
	EndGlobalSection
	GlobalSection(NestedProjects) = preSolution
		{B84C185A-59B2-4075-8832-2DC8B98AB42B} = {471921C5-51B5-45F2-A9DF-DB4548F95BF3}
		{4EF0631F-9AA4-4202-81ED-E873A309AFEC} = {471921C5-51B5-45F2-A9DF-DB4548F95BF3}
		{45D41ACC-2C3C-43D2-BC10-02AA73FFC7C7} = {4E0ECFF1-9728-4DDB-B175-8C7DBC15A54F}
		{45736F30-B280-4DBA-BE6E-0F1B76EA6E5E} = {8074029D-0CD3-4B47-BA4F-5D3F7C202D6B}
		{289814D8-DCA6-42DA-BE76-F2F7A2C355A5} = {A43D0631-B767-4470-BD24-15FB011B7311}
		{F907C3A5-B8EF-4DFF-8B18-1CDBC9A7F6CE} = {04196512-6052-49D2-B86B-B590F5110109}
		{44F3E4A7-5D2F-4AAE-B6C0-8DD7ACB50D6C} = {4EF0631F-9AA4-4202-81ED-E873A309AFEC}
		{C5F80730-F44F-4478-BDAE-6634EFC2CA88} = {B84C185A-59B2-4075-8832-2DC8B98AB42B}
		{D708ADC8-BBA6-439E-BF58-F4B31C395D65} = {4EF0631F-9AA4-4202-81ED-E873A309AFEC}
		{54793D3A-AF92-4B56-BB9E-0A6E497417C7} = {4EF0631F-9AA4-4202-81ED-E873A309AFEC}
		{A1C6404D-7FAB-4FD7-B290-F4153A4CD19D} = {24E3D30C-E95A-4D76-98AF-39CCC560F73D}
		{471921C5-51B5-45F2-A9DF-DB4548F95BF3} = {24E3D30C-E95A-4D76-98AF-39CCC560F73D}
		{5C3173B2-034F-46F1-95F5-253E8431084C} = {A1C6404D-7FAB-4FD7-B290-F4153A4CD19D}
	EndGlobalSection
EndGlobal
